// !$*UTF8*$!
{
	archiveVersion = 1;
	classes = {
	};
	objectVersion = 53;
	objects = {

/* Begin PBXBuildFile section */
		3D061BAA2714296B00DFCCF8 /* SearchForBarCouncilViewController.swift in Sources */ = {isa = PBXBuildFile; fileRef = 3D061BA82714296B00DFCCF8 /* SearchForBarCouncilViewController.swift */; };
		3D061BAB2714296B00DFCCF8 /* SearchForBarCouncilViewController.xib in Resources */ = {isa = PBXBuildFile; fileRef = 3D061BA92714296B00DFCCF8 /* SearchForBarCouncilViewController.xib */; };
		3D1426F12714783D00DE03BB /* BaseService.swift in Sources */ = {isa = PBXBuildFile; fileRef = 3D1426F02714783D00DE03BB /* BaseService.swift */; };
		3D1426F327147D3000DE03BB /* SignUpRequestModel.swift in Sources */ = {isa = PBXBuildFile; fileRef = 3D1426F227147D3000DE03BB /* SignUpRequestModel.swift */; };
		3D1426F5271483B400DE03BB /* SignUpServices.swift in Sources */ = {isa = PBXBuildFile; fileRef = 3D1426F4271483B400DE03BB /* SignUpServices.swift */; };
		3D1426F72714902200DE03BB /* SignUpResponseModel.swift in Sources */ = {isa = PBXBuildFile; fileRef = 3D1426F62714902200DE03BB /* SignUpResponseModel.swift */; };
		3D1426F92714903E00DE03BB /* SignInRequestModel.swift in Sources */ = {isa = PBXBuildFile; fileRef = 3D1426F82714903E00DE03BB /* SignInRequestModel.swift */; };
		3D1426FB2714905D00DE03BB /* SignInResponseModel.swift in Sources */ = {isa = PBXBuildFile; fileRef = 3D1426FA2714905D00DE03BB /* SignInResponseModel.swift */; };
		3D1426FD2714907A00DE03BB /* SignInServices.swift in Sources */ = {isa = PBXBuildFile; fileRef = 3D1426FC2714907A00DE03BB /* SignInServices.swift */; };
		3D1426FF2715520700DE03BB /* CalenderView.swift in Sources */ = {isa = PBXBuildFile; fileRef = 3D1426FE2715520700DE03BB /* CalenderView.swift */; };
		3D1427022715523400DE03BB /* CalenderViewController.swift in Sources */ = {isa = PBXBuildFile; fileRef = 3D1427002715523400DE03BB /* CalenderViewController.swift */; };
		3D1427032715523400DE03BB /* CalenderViewController.xib in Resources */ = {isa = PBXBuildFile; fileRef = 3D1427012715523400DE03BB /* CalenderViewController.xib */; };
		3D34BD952732A5CD001F61F5 /* UIImageViewController.swift in Sources */ = {isa = PBXBuildFile; fileRef = 3D34BD932732A5CD001F61F5 /* UIImageViewController.swift */; };
		3D34BD962732A5CD001F61F5 /* UIImageViewController.xib in Resources */ = {isa = PBXBuildFile; fileRef = 3D34BD942732A5CD001F61F5 /* UIImageViewController.xib */; };
		3D36AD142726D73E00DFD509 /* Constant.swift in Sources */ = {isa = PBXBuildFile; fileRef = 3D36AD132726D73E00DFD509 /* Constant.swift */; };
		3D50E3E2272FF57E0045F6AA /* SelectableLabel.swift in Sources */ = {isa = PBXBuildFile; fileRef = 3D50E3E1272FF57E0045F6AA /* SelectableLabel.swift */; };
		3D50E3E4273005CC0045F6AA /* AVSpeechSynthesizer+Shared.swift in Sources */ = {isa = PBXBuildFile; fileRef = 3D50E3E3273005CC0045F6AA /* AVSpeechSynthesizer+Shared.swift */; };
		3D50E3E627301DF30045F6AA /* QLViewController.swift in Sources */ = {isa = PBXBuildFile; fileRef = 3D50E3E527301DF30045F6AA /* QLViewController.swift */; };
		3D50E3E92730466E0045F6AA /* AbusiveWordModels.swift in Sources */ = {isa = PBXBuildFile; fileRef = 3D50E3E82730466E0045F6AA /* AbusiveWordModels.swift */; };
		3D50E3EB273048540045F6AA /* AbuseWordServices.swift in Sources */ = {isa = PBXBuildFile; fileRef = 3D50E3EA273048540045F6AA /* AbuseWordServices.swift */; };
		3D50E3FE273071F00045F6AA /* QuestionareModels.swift in Sources */ = {isa = PBXBuildFile; fileRef = 3D50E3EF273071F00045F6AA /* QuestionareModels.swift */; };
		3D50E3FF273071F00045F6AA /* QuestionareServices.swift in Sources */ = {isa = PBXBuildFile; fileRef = 3D50E3F0273071F00045F6AA /* QuestionareServices.swift */; };
		3D50E400273071F00045F6AA /* CommentsViewController.swift in Sources */ = {isa = PBXBuildFile; fileRef = 3D50E3F1273071F00045F6AA /* CommentsViewController.swift */; };
		3D50E401273071F00045F6AA /* UICommentSelectorTableViewCell.xib in Resources */ = {isa = PBXBuildFile; fileRef = 3D50E3F3273071F00045F6AA /* UICommentSelectorTableViewCell.xib */; };
		3D50E402273071F00045F6AA /* UIAttachmentSubViewController.swift in Sources */ = {isa = PBXBuildFile; fileRef = 3D50E3F4273071F00045F6AA /* UIAttachmentSubViewController.swift */; };
		3D50E403273071F00045F6AA /* QueriesTableViewCell.swift in Sources */ = {isa = PBXBuildFile; fileRef = 3D50E3F5273071F00045F6AA /* QueriesTableViewCell.swift */; };
		3D50E404273071F00045F6AA /* QueriesTableViewCell.xib in Resources */ = {isa = PBXBuildFile; fileRef = 3D50E3F6273071F00045F6AA /* QueriesTableViewCell.xib */; };
		3D50E405273071F00045F6AA /* UIQuestionDetailTableViewCell.swift in Sources */ = {isa = PBXBuildFile; fileRef = 3D50E3F7273071F00045F6AA /* UIQuestionDetailTableViewCell.swift */; };
		3D50E406273071F00045F6AA /* UIQuestionAttachmentTableViewCell.xib in Resources */ = {isa = PBXBuildFile; fileRef = 3D50E3F8273071F00045F6AA /* UIQuestionAttachmentTableViewCell.xib */; };
		3D50E407273071F00045F6AA /* UICommentSelectorTableViewCell.swift in Sources */ = {isa = PBXBuildFile; fileRef = 3D50E3F9273071F00045F6AA /* UICommentSelectorTableViewCell.swift */; };
		3D50E408273071F00045F6AA /* UIAttachmentSubViewController.xib in Resources */ = {isa = PBXBuildFile; fileRef = 3D50E3FA273071F00045F6AA /* UIAttachmentSubViewController.xib */; };
		3D50E409273071F00045F6AA /* UIQuestionDetailTableViewCell.xib in Resources */ = {isa = PBXBuildFile; fileRef = 3D50E3FB273071F00045F6AA /* UIQuestionDetailTableViewCell.xib */; };
		3D50E40A273071F00045F6AA /* UIQuestionAttachmentTableViewCell.swift in Sources */ = {isa = PBXBuildFile; fileRef = 3D50E3FC273071F00045F6AA /* UIQuestionAttachmentTableViewCell.swift */; };
		3D50E40B273071F00045F6AA /* CommentsViewController.xib in Resources */ = {isa = PBXBuildFile; fileRef = 3D50E3FD273071F00045F6AA /* CommentsViewController.xib */; };
		3D6509BA2710A44C00786786 /* AppDelegate.swift in Sources */ = {isa = PBXBuildFile; fileRef = 3D6509B92710A44C00786786 /* AppDelegate.swift */; };
		3D6509BE2710A44C00786786 /* ViewController.swift in Sources */ = {isa = PBXBuildFile; fileRef = 3D6509BD2710A44C00786786 /* ViewController.swift */; };
		3D6509C12710A44C00786786 /* Main.storyboard in Resources */ = {isa = PBXBuildFile; fileRef = 3D6509BF2710A44C00786786 /* Main.storyboard */; };
		3D6509C32710A44D00786786 /* Assets.xcassets in Resources */ = {isa = PBXBuildFile; fileRef = 3D6509C22710A44D00786786 /* Assets.xcassets */; };
		3D6509C62710A44D00786786 /* LaunchScreen.storyboard in Resources */ = {isa = PBXBuildFile; fileRef = 3D6509C42710A44D00786786 /* LaunchScreen.storyboard */; };
		3D6509CF271186BA00786786 /* WelcomeToIslamabadViewController.swift in Sources */ = {isa = PBXBuildFile; fileRef = 3D6509CD271186BA00786786 /* WelcomeToIslamabadViewController.swift */; };
		3D6509D0271186BA00786786 /* WelcomeToIslamabadViewController.xib in Resources */ = {isa = PBXBuildFile; fileRef = 3D6509CE271186BA00786786 /* WelcomeToIslamabadViewController.xib */; };
		3D6509D427118FAF00786786 /* UIView.swift in Sources */ = {isa = PBXBuildFile; fileRef = 3D6509D327118FAF00786786 /* UIView.swift */; };
		3D6509D7271196BC00786786 /* SignInViewController.swift in Sources */ = {isa = PBXBuildFile; fileRef = 3D6509D5271196BC00786786 /* SignInViewController.swift */; };
		3D6509D8271196BC00786786 /* SignInViewController.xib in Resources */ = {isa = PBXBuildFile; fileRef = 3D6509D6271196BC00786786 /* SignInViewController.xib */; };
		3D6509DC2711F2AF00786786 /* DashboardViewController.swift in Sources */ = {isa = PBXBuildFile; fileRef = 3D6509DA2711F2AF00786786 /* DashboardViewController.swift */; };
		3D6509DD2711F2AF00786786 /* DashboardViewController.xib in Resources */ = {isa = PBXBuildFile; fileRef = 3D6509DB2711F2AF00786786 /* DashboardViewController.xib */; };
		3D6509E127120B1B00786786 /* SideMenuTableViewController.swift in Sources */ = {isa = PBXBuildFile; fileRef = 3D6509DF27120B1B00786786 /* SideMenuTableViewController.swift */; };
		3D6509E227120B1B00786786 /* SideMenuTableViewController.xib in Resources */ = {isa = PBXBuildFile; fileRef = 3D6509E027120B1B00786786 /* SideMenuTableViewController.xib */; };
		3D6509E627120BF800786786 /* UserNameTableViewCell.swift in Sources */ = {isa = PBXBuildFile; fileRef = 3D6509E427120BF800786786 /* UserNameTableViewCell.swift */; };
		3D6509E727120BF800786786 /* UserNameTableViewCell.xib in Resources */ = {isa = PBXBuildFile; fileRef = 3D6509E527120BF800786786 /* UserNameTableViewCell.xib */; };
		3D6509EB27120DB400786786 /* MenuListTableViewCell.swift in Sources */ = {isa = PBXBuildFile; fileRef = 3D6509E927120DB400786786 /* MenuListTableViewCell.swift */; };
		3D6509EC27120DB400786786 /* MenuListTableViewCell.xib in Resources */ = {isa = PBXBuildFile; fileRef = 3D6509EA27120DB400786786 /* MenuListTableViewCell.xib */; };
		3D6509EF2712B51000786786 /* LegalQuestionsAnswersViewController.swift in Sources */ = {isa = PBXBuildFile; fileRef = 3D6509ED2712B51000786786 /* LegalQuestionsAnswersViewController.swift */; };
		3D6509F02712B51000786786 /* LegalQuestionsAnswersViewController.xib in Resources */ = {isa = PBXBuildFile; fileRef = 3D6509EE2712B51000786786 /* LegalQuestionsAnswersViewController.xib */; };
		3D6509F42712BC1C00786786 /* QuestionAnswerTableViewCell.swift in Sources */ = {isa = PBXBuildFile; fileRef = 3D6509F22712BC1C00786786 /* QuestionAnswerTableViewCell.swift */; };
		3D6509F52712BC1C00786786 /* QuestionAnswerTableViewCell.xib in Resources */ = {isa = PBXBuildFile; fileRef = 3D6509F32712BC1C00786786 /* QuestionAnswerTableViewCell.xib */; };
		3D6509F92712CC3E00786786 /* QuestionAnswerViewController.swift in Sources */ = {isa = PBXBuildFile; fileRef = 3D6509F72712CC3E00786786 /* QuestionAnswerViewController.swift */; };
		3D6509FA2712CC3E00786786 /* QuestionAnswerViewController.xib in Resources */ = {isa = PBXBuildFile; fileRef = 3D6509F82712CC3E00786786 /* QuestionAnswerViewController.xib */; };
		3D6509FE2712D30100786786 /* PostAQuestionViewController.swift in Sources */ = {isa = PBXBuildFile; fileRef = 3D6509FC2712D30100786786 /* PostAQuestionViewController.swift */; };
		3D6509FF2712D30100786786 /* PostAQuestionViewController.xib in Resources */ = {isa = PBXBuildFile; fileRef = 3D6509FD2712D30100786786 /* PostAQuestionViewController.xib */; };
		3D650A032712DF9500786786 /* GeneralAnnouncementsViewController.swift in Sources */ = {isa = PBXBuildFile; fileRef = 3D650A012712DF9500786786 /* GeneralAnnouncementsViewController.swift */; };
		3D650A042712DF9500786786 /* GeneralAnnouncementsViewController.xib in Resources */ = {isa = PBXBuildFile; fileRef = 3D650A022712DF9500786786 /* GeneralAnnouncementsViewController.xib */; };
		3D650A082712E11200786786 /* GeneralAnnouncementTableViewCell.swift in Sources */ = {isa = PBXBuildFile; fileRef = 3D650A062712E11200786786 /* GeneralAnnouncementTableViewCell.swift */; };
		3D650A092712E11200786786 /* GeneralAnnouncementTableViewCell.xib in Resources */ = {isa = PBXBuildFile; fileRef = 3D650A072712E11200786786 /* GeneralAnnouncementTableViewCell.xib */; };
		3D650A0D2712E5EE00786786 /* AnnouncementViewController.swift in Sources */ = {isa = PBXBuildFile; fileRef = 3D650A0B2712E5EE00786786 /* AnnouncementViewController.swift */; };
		3D650A0E2712E5EE00786786 /* AnnouncementViewController.xib in Resources */ = {isa = PBXBuildFile; fileRef = 3D650A0C2712E5EE00786786 /* AnnouncementViewController.xib */; };
		3D650A122712E7B400786786 /* MemberDirectoryViewController.swift in Sources */ = {isa = PBXBuildFile; fileRef = 3D650A102712E7B400786786 /* MemberDirectoryViewController.swift */; };
		3D650A132712E7B400786786 /* MemberDirectoryViewController.xib in Resources */ = {isa = PBXBuildFile; fileRef = 3D650A112712E7B400786786 /* MemberDirectoryViewController.xib */; };
		3D650A172712E89200786786 /* MemberCollectionViewCell.swift in Sources */ = {isa = PBXBuildFile; fileRef = 3D650A152712E89200786786 /* MemberCollectionViewCell.swift */; };
		3D650A182712E89200786786 /* MemberCollectionViewCell.xib in Resources */ = {isa = PBXBuildFile; fileRef = 3D650A162712E89200786786 /* MemberCollectionViewCell.xib */; };
		3D650A1C2712EDE100786786 /* MemberNameViewController.swift in Sources */ = {isa = PBXBuildFile; fileRef = 3D650A1A2712EDE100786786 /* MemberNameViewController.swift */; };
		3D650A1D2712EDE100786786 /* MemberNameViewController.xib in Resources */ = {isa = PBXBuildFile; fileRef = 3D650A1B2712EDE100786786 /* MemberNameViewController.xib */; };
		3D650A212712F6EA00786786 /* OfficialDirectoryViewController.swift in Sources */ = {isa = PBXBuildFile; fileRef = 3D650A1F2712F6EA00786786 /* OfficialDirectoryViewController.swift */; };
		3D650A222712F6EA00786786 /* OfficialDirectoryViewController.xib in Resources */ = {isa = PBXBuildFile; fileRef = 3D650A202712F6EA00786786 /* OfficialDirectoryViewController.xib */; };
		3D650A262712F84900786786 /* OfficialDirectoryTableViewCell.swift in Sources */ = {isa = PBXBuildFile; fileRef = 3D650A242712F84900786786 /* OfficialDirectoryTableViewCell.swift */; };
		3D650A272712F84900786786 /* OfficialDirectoryTableViewCell.xib in Resources */ = {isa = PBXBuildFile; fileRef = 3D650A252712F84900786786 /* OfficialDirectoryTableViewCell.xib */; };
		3D650A2B2713026800786786 /* ProfileViewController.swift in Sources */ = {isa = PBXBuildFile; fileRef = 3D650A292713026800786786 /* ProfileViewController.swift */; };
		3D650A2C2713026800786786 /* ProfileViewController.xib in Resources */ = {isa = PBXBuildFile; fileRef = 3D650A2A2713026800786786 /* ProfileViewController.xib */; };
		3D650A3027131B9A00786786 /* SearchFilterViewController.swift in Sources */ = {isa = PBXBuildFile; fileRef = 3D650A2E27131B9A00786786 /* SearchFilterViewController.swift */; };
		3D650A3127131B9A00786786 /* SearchFilterViewController.xib in Resources */ = {isa = PBXBuildFile; fileRef = 3D650A2F27131B9A00786786 /* SearchFilterViewController.xib */; };
		3D650A342713252F00786786 /* UIButton.swift in Sources */ = {isa = PBXBuildFile; fileRef = 3D650A332713252F00786786 /* UIButton.swift */; };
		3D650A372713455000786786 /* SignUpViewController.swift in Sources */ = {isa = PBXBuildFile; fileRef = 3D650A352713455000786786 /* SignUpViewController.swift */; };
		3D650A382713455000786786 /* SignUpViewController.xib in Resources */ = {isa = PBXBuildFile; fileRef = 3D650A362713455000786786 /* SignUpViewController.xib */; };
		3D650A3C2713479B00786786 /* UserTableViewCell.swift in Sources */ = {isa = PBXBuildFile; fileRef = 3D650A3A2713479B00786786 /* UserTableViewCell.swift */; };
		3D650A3D2713479B00786786 /* UserTableViewCell.xib in Resources */ = {isa = PBXBuildFile; fileRef = 3D650A3B2713479B00786786 /* UserTableViewCell.xib */; };
		3D650A412714082B00786786 /* BarCouncilViewController.swift in Sources */ = {isa = PBXBuildFile; fileRef = 3D650A3F2714082B00786786 /* BarCouncilViewController.swift */; };
		3D650A422714082B00786786 /* BarCouncilViewController.xib in Resources */ = {isa = PBXBuildFile; fileRef = 3D650A402714082B00786786 /* BarCouncilViewController.xib */; };
		3D66A4B32717502200221832 /* MembersOfIslamabadTableViewCell.swift in Sources */ = {isa = PBXBuildFile; fileRef = 3D66A4B12717502200221832 /* MembersOfIslamabadTableViewCell.swift */; };
		3D66A4B42717502200221832 /* MembersOfIslamabadTableViewCell.xib in Resources */ = {isa = PBXBuildFile; fileRef = 3D66A4B22717502200221832 /* MembersOfIslamabadTableViewCell.xib */; };
		3D66A4B7271758F300221832 /* IssuseDateTableViewCell.swift in Sources */ = {isa = PBXBuildFile; fileRef = 3D66A4B5271758F300221832 /* IssuseDateTableViewCell.swift */; };
		3D66A4B8271758F300221832 /* IssuseDateTableViewCell.xib in Resources */ = {isa = PBXBuildFile; fileRef = 3D66A4B6271758F300221832 /* IssuseDateTableViewCell.xib */; };
		3D66A4BB271759FF00221832 /* HighCourtTableViewCell.swift in Sources */ = {isa = PBXBuildFile; fileRef = 3D66A4B9271759FF00221832 /* HighCourtTableViewCell.swift */; };
		3D66A4BC271759FF00221832 /* HighCourtTableViewCell.xib in Resources */ = {isa = PBXBuildFile; fileRef = 3D66A4BA271759FF00221832 /* HighCourtTableViewCell.xib */; };
		3D66A4BF27175A8100221832 /* SupremeCourtTableViewCell.swift in Sources */ = {isa = PBXBuildFile; fileRef = 3D66A4BD27175A8100221832 /* SupremeCourtTableViewCell.swift */; };
		3D66A4C027175A8100221832 /* SupremeCourtTableViewCell.xib in Resources */ = {isa = PBXBuildFile; fileRef = 3D66A4BE27175A8100221832 /* SupremeCourtTableViewCell.xib */; };
		3D66A4C327175B0000221832 /* OfficeAddressTableViewCell.swift in Sources */ = {isa = PBXBuildFile; fileRef = 3D66A4C127175B0000221832 /* OfficeAddressTableViewCell.swift */; };
		3D66A4C427175B0000221832 /* OfficeAddressTableViewCell.xib in Resources */ = {isa = PBXBuildFile; fileRef = 3D66A4C227175B0000221832 /* OfficeAddressTableViewCell.xib */; };
		3D66A4C6271965C100221832 /* Validate.swift in Sources */ = {isa = PBXBuildFile; fileRef = 3D66A4C5271965C100221832 /* Validate.swift */; };
		3D66A4C827197D8700221832 /* LocalAuth.swift in Sources */ = {isa = PBXBuildFile; fileRef = 3D66A4C727197D8700221832 /* LocalAuth.swift */; };
		3D66A4CA2719951C00221832 /* MemberDirectoryModels.swift in Sources */ = {isa = PBXBuildFile; fileRef = 3D66A4C92719951C00221832 /* MemberDirectoryModels.swift */; };
		3D66A4D02719B0DA00221832 /* QuestionRequestModel.swift in Sources */ = {isa = PBXBuildFile; fileRef = 3D66A4CF2719B0DA00221832 /* QuestionRequestModel.swift */; };
		3D66A4D22719B68700221832 /* QuestionServices.swift in Sources */ = {isa = PBXBuildFile; fileRef = 3D66A4D12719B68700221832 /* QuestionServices.swift */; };
		3D66A4D42719CBDC00221832 /* PostQuestionsServices.swift in Sources */ = {isa = PBXBuildFile; fileRef = 3D66A4D32719CBDC00221832 /* PostQuestionsServices.swift */; };
		3D66A4D7271AC9BA00221832 /* PostAnnouncementViewController.swift in Sources */ = {isa = PBXBuildFile; fileRef = 3D66A4D5271AC9BA00221832 /* PostAnnouncementViewController.swift */; };
		3D66A4D8271AC9BA00221832 /* PostAnnouncementViewController.xib in Resources */ = {isa = PBXBuildFile; fileRef = 3D66A4D6271AC9BA00221832 /* PostAnnouncementViewController.xib */; };
		3D66A4DA271AD47600221832 /* AnnouncementModels.swift in Sources */ = {isa = PBXBuildFile; fileRef = 3D66A4D9271AD47600221832 /* AnnouncementModels.swift */; };
		3D66A4DC271AD48D00221832 /* AnnouncementServices.swift in Sources */ = {isa = PBXBuildFile; fileRef = 3D66A4DB271AD48D00221832 /* AnnouncementServices.swift */; };
		3D66A4DE271B140600221832 /* GeneralAnnouncementRequestModel.swift in Sources */ = {isa = PBXBuildFile; fileRef = 3D66A4DD271B140600221832 /* GeneralAnnouncementRequestModel.swift */; };
		3D66A4E0271B14ED00221832 /* GeneralAnnouncementServices.swift in Sources */ = {isa = PBXBuildFile; fileRef = 3D66A4DF271B14ED00221832 /* GeneralAnnouncementServices.swift */; };
		3D66A4E2271C049600221832 /* BiometricsManager.swift in Sources */ = {isa = PBXBuildFile; fileRef = 3D66A4E1271C049600221832 /* BiometricsManager.swift */; };
		3D66A4E4271C0C2800221832 /* NetworkConectionModel.swift in Sources */ = {isa = PBXBuildFile; fileRef = 3D66A4E3271C0C2800221832 /* NetworkConectionModel.swift */; };
		3D66A4E6271C83E000221832 /* UIString.swift in Sources */ = {isa = PBXBuildFile; fileRef = 3D66A4E5271C83DF00221832 /* UIString.swift */; };
		3D66A4E8271D5CF300221832 /* DateTimePicker.swift in Sources */ = {isa = PBXBuildFile; fileRef = 3D66A4E7271D5CF300221832 /* DateTimePicker.swift */; };
		3DA403D4272F020A00E88E3B /* URL.swift in Sources */ = {isa = PBXBuildFile; fileRef = 3DA403D3272F020A00E88E3B /* URL.swift */; };
		3DD92BAD2715E03200C5D0F6 /* ApprovalViewController.swift in Sources */ = {isa = PBXBuildFile; fileRef = 3DD92BAB2715E03200C5D0F6 /* ApprovalViewController.swift */; };
		3DD92BAE2715E03200C5D0F6 /* ApprovalViewController.xib in Resources */ = {isa = PBXBuildFile; fileRef = 3DD92BAC2715E03200C5D0F6 /* ApprovalViewController.xib */; };
		3DD92BB12715EE4A00C5D0F6 /* ApprovalServices.swift in Sources */ = {isa = PBXBuildFile; fileRef = 3DD92BB02715EE4A00C5D0F6 /* ApprovalServices.swift */; };
		3DD92BB32715EE6000C5D0F6 /* ApprovalRequestModel.swift in Sources */ = {isa = PBXBuildFile; fileRef = 3DD92BB22715EE6000C5D0F6 /* ApprovalRequestModel.swift */; };
		3DD92BB52715EE7100C5D0F6 /* ApprovalResponseModel.swift in Sources */ = {isa = PBXBuildFile; fileRef = 3DD92BB42715EE7100C5D0F6 /* ApprovalResponseModel.swift */; };
		3DD92BB727160A5D00C5D0F6 /* Generic.swift in Sources */ = {isa = PBXBuildFile; fileRef = 3DD92BB627160A5D00C5D0F6 /* Generic.swift */; };
		3DDD4654273516690036CFDC /* LoadMoreActivityIndicator.swift in Sources */ = {isa = PBXBuildFile; fileRef = 3DDD4653273516690036CFDC /* LoadMoreActivityIndicator.swift */; };
		3DE5EFE9272134BF00A9512A /* OfficialDirectoryModels.swift in Sources */ = {isa = PBXBuildFile; fileRef = 3DE5EFE8272134BF00A9512A /* OfficialDirectoryModels.swift */; };
		3DE5EFEB272137C200A9512A /* OfficialDirectoryServices.swift in Sources */ = {isa = PBXBuildFile; fileRef = 3DE5EFEA272137C200A9512A /* OfficialDirectoryServices.swift */; };
		3DE5EFEE27213CD600A9512A /* AddOfficialDirectoryViewController.swift in Sources */ = {isa = PBXBuildFile; fileRef = 3DE5EFEC27213CD600A9512A /* AddOfficialDirectoryViewController.swift */; };
		3DE5EFEF27213CD600A9512A /* AddOfficialDirectoryViewController.xib in Resources */ = {isa = PBXBuildFile; fileRef = 3DE5EFED27213CD600A9512A /* AddOfficialDirectoryViewController.xib */; };
		3DE5EFF227216B5300A9512A /* EmptyTableViewCell.swift in Sources */ = {isa = PBXBuildFile; fileRef = 3DE5EFF027216B5300A9512A /* EmptyTableViewCell.swift */; };
		3DE5EFF327216B5300A9512A /* EmptyTableViewCell.xib in Resources */ = {isa = PBXBuildFile; fileRef = 3DE5EFF127216B5300A9512A /* EmptyTableViewCell.xib */; };
		3DE5EFF62722CE6C00A9512A /* ProfileTableViewCell.swift in Sources */ = {isa = PBXBuildFile; fileRef = 3DE5EFF42722CE6C00A9512A /* ProfileTableViewCell.swift */; };
		3DE5EFF72722CE6C00A9512A /* ProfileTableViewCell.xib in Resources */ = {isa = PBXBuildFile; fileRef = 3DE5EFF52722CE6C00A9512A /* ProfileTableViewCell.xib */; };
		3DE5EFFA27232A8900A9512A /* PostAttachmentViewController.swift in Sources */ = {isa = PBXBuildFile; fileRef = 3DE5EFF827232A8900A9512A /* PostAttachmentViewController.swift */; };
		3DE5EFFB27232A8900A9512A /* PostAttachmentViewController.xib in Resources */ = {isa = PBXBuildFile; fileRef = 3DE5EFF927232A8900A9512A /* PostAttachmentViewController.xib */; };
		3DE9333C2716E18F00B80B7D /* GenericResponseModel.swift in Sources */ = {isa = PBXBuildFile; fileRef = 3DE9333B2716E18F00B80B7D /* GenericResponseModel.swift */; };
		3DE933402716F5D300B80B7D /* SpinnerViewController.swift in Sources */ = {isa = PBXBuildFile; fileRef = 3DE9333F2716F5D300B80B7D /* SpinnerViewController.swift */; };
		3DE93343271726A800B80B7D /* UIViewController.swift in Sources */ = {isa = PBXBuildFile; fileRef = 3DE93342271726A800B80B7D /* UIViewController.swift */; };
		3DEB0BE4271EA8DF00E5DE75 /* BiometricTableViewCell.swift in Sources */ = {isa = PBXBuildFile; fileRef = 3DEB0BE2271EA8DF00E5DE75 /* BiometricTableViewCell.swift */; };
		3DEB0BE5271EA8DF00E5DE75 /* BiometricTableViewCell.xib in Resources */ = {isa = PBXBuildFile; fileRef = 3DEB0BE3271EA8DF00E5DE75 /* BiometricTableViewCell.xib */; };
		3DEB0BE7271F47A900E5DE75 /* GetAnnouncementDetailServices.swift in Sources */ = {isa = PBXBuildFile; fileRef = 3DEB0BE6271F47A900E5DE75 /* GetAnnouncementDetailServices.swift */; };
		3DEB0BE92720032800E5DE75 /* Date.swift in Sources */ = {isa = PBXBuildFile; fileRef = 3DEB0BE82720032800E5DE75 /* Date.swift */; };
		3DEB0BEB2720079700E5DE75 /* BarAnnouncementDetailServices.swift in Sources */ = {isa = PBXBuildFile; fileRef = 3DEB0BEA2720079700E5DE75 /* BarAnnouncementDetailServices.swift */; };
		3DEB0BED27200DAE00E5DE75 /* ProfileModels.swift in Sources */ = {isa = PBXBuildFile; fileRef = 3DEB0BEC27200DAE00E5DE75 /* ProfileModels.swift */; };
		3DEB0BEF272011BB00E5DE75 /* ProfileServices.swift in Sources */ = {isa = PBXBuildFile; fileRef = 3DEB0BEE272011BB00E5DE75 /* ProfileServices.swift */; };
		C8D4A73F2722F10C007404E2 /* UIAttachmentCollectionViewCell.swift in Sources */ = {isa = PBXBuildFile; fileRef = C8D4A73D2722F10C007404E2 /* UIAttachmentCollectionViewCell.swift */; };
		C8D4A7402722F10C007404E2 /* UIAttachmentCollectionViewCell.xib in Resources */ = {isa = PBXBuildFile; fileRef = C8D4A73E2722F10C007404E2 /* UIAttachmentCollectionViewCell.xib */; };
		C8D4A7432722F505007404E2 /* ExtensionUIView.swift in Sources */ = {isa = PBXBuildFile; fileRef = C8D4A7422722F505007404E2 /* ExtensionUIView.swift */; };
		F511EE9F5B16B4C463DEF7D2 /* Pods_LawyerApp.framework in Frameworks */ = {isa = PBXBuildFile; fileRef = 30F926E26E8FBA5C427FDA5E /* Pods_LawyerApp.framework */; };
/* End PBXBuildFile section */

/* Begin PBXFileReference section */
		30F926E26E8FBA5C427FDA5E /* Pods_LawyerApp.framework */ = {isa = PBXFileReference; explicitFileType = wrapper.framework; includeInIndex = 0; path = Pods_LawyerApp.framework; sourceTree = BUILT_PRODUCTS_DIR; };
		3D061BA82714296B00DFCCF8 /* SearchForBarCouncilViewController.swift */ = {isa = PBXFileReference; lastKnownFileType = sourcecode.swift; path = SearchForBarCouncilViewController.swift; sourceTree = "<group>"; };
		3D061BA92714296B00DFCCF8 /* SearchForBarCouncilViewController.xib */ = {isa = PBXFileReference; lastKnownFileType = file.xib; path = SearchForBarCouncilViewController.xib; sourceTree = "<group>"; };
		3D1426F02714783D00DE03BB /* BaseService.swift */ = {isa = PBXFileReference; lastKnownFileType = sourcecode.swift; path = BaseService.swift; sourceTree = "<group>"; };
		3D1426F227147D3000DE03BB /* SignUpRequestModel.swift */ = {isa = PBXFileReference; lastKnownFileType = sourcecode.swift; path = SignUpRequestModel.swift; sourceTree = "<group>"; };
		3D1426F4271483B400DE03BB /* SignUpServices.swift */ = {isa = PBXFileReference; lastKnownFileType = sourcecode.swift; path = SignUpServices.swift; sourceTree = "<group>"; };
		3D1426F62714902200DE03BB /* SignUpResponseModel.swift */ = {isa = PBXFileReference; lastKnownFileType = sourcecode.swift; path = SignUpResponseModel.swift; sourceTree = "<group>"; };
		3D1426F82714903E00DE03BB /* SignInRequestModel.swift */ = {isa = PBXFileReference; lastKnownFileType = sourcecode.swift; path = SignInRequestModel.swift; sourceTree = "<group>"; };
		3D1426FA2714905D00DE03BB /* SignInResponseModel.swift */ = {isa = PBXFileReference; lastKnownFileType = sourcecode.swift; path = SignInResponseModel.swift; sourceTree = "<group>"; };
		3D1426FC2714907A00DE03BB /* SignInServices.swift */ = {isa = PBXFileReference; lastKnownFileType = sourcecode.swift; path = SignInServices.swift; sourceTree = "<group>"; };
		3D1426FE2715520700DE03BB /* CalenderView.swift */ = {isa = PBXFileReference; lastKnownFileType = sourcecode.swift; path = CalenderView.swift; sourceTree = "<group>"; };
		3D1427002715523400DE03BB /* CalenderViewController.swift */ = {isa = PBXFileReference; lastKnownFileType = sourcecode.swift; path = CalenderViewController.swift; sourceTree = "<group>"; };
		3D1427012715523400DE03BB /* CalenderViewController.xib */ = {isa = PBXFileReference; lastKnownFileType = file.xib; path = CalenderViewController.xib; sourceTree = "<group>"; };
		3D34BD932732A5CD001F61F5 /* UIImageViewController.swift */ = {isa = PBXFileReference; lastKnownFileType = sourcecode.swift; path = UIImageViewController.swift; sourceTree = "<group>"; };
		3D34BD942732A5CD001F61F5 /* UIImageViewController.xib */ = {isa = PBXFileReference; lastKnownFileType = file.xib; path = UIImageViewController.xib; sourceTree = "<group>"; };
		3D36AD132726D73E00DFD509 /* Constant.swift */ = {isa = PBXFileReference; lastKnownFileType = sourcecode.swift; path = Constant.swift; sourceTree = "<group>"; };
		3D50E3E1272FF57E0045F6AA /* SelectableLabel.swift */ = {isa = PBXFileReference; fileEncoding = 4; lastKnownFileType = sourcecode.swift; path = SelectableLabel.swift; sourceTree = "<group>"; };
		3D50E3E3273005CC0045F6AA /* AVSpeechSynthesizer+Shared.swift */ = {isa = PBXFileReference; fileEncoding = 4; lastKnownFileType = sourcecode.swift; path = "AVSpeechSynthesizer+Shared.swift"; sourceTree = "<group>"; };
		3D50E3E527301DF30045F6AA /* QLViewController.swift */ = {isa = PBXFileReference; lastKnownFileType = sourcecode.swift; path = QLViewController.swift; sourceTree = "<group>"; };
		3D50E3E82730466E0045F6AA /* AbusiveWordModels.swift */ = {isa = PBXFileReference; lastKnownFileType = sourcecode.swift; path = AbusiveWordModels.swift; sourceTree = "<group>"; };
		3D50E3EA273048540045F6AA /* AbuseWordServices.swift */ = {isa = PBXFileReference; lastKnownFileType = sourcecode.swift; path = AbuseWordServices.swift; sourceTree = "<group>"; };
		3D50E3EF273071F00045F6AA /* QuestionareModels.swift */ = {isa = PBXFileReference; fileEncoding = 4; lastKnownFileType = sourcecode.swift; path = QuestionareModels.swift; sourceTree = "<group>"; };
		3D50E3F0273071F00045F6AA /* QuestionareServices.swift */ = {isa = PBXFileReference; fileEncoding = 4; lastKnownFileType = sourcecode.swift; path = QuestionareServices.swift; sourceTree = "<group>"; };
		3D50E3F1273071F00045F6AA /* CommentsViewController.swift */ = {isa = PBXFileReference; fileEncoding = 4; lastKnownFileType = sourcecode.swift; path = CommentsViewController.swift; sourceTree = "<group>"; };
		3D50E3F3273071F00045F6AA /* UICommentSelectorTableViewCell.xib */ = {isa = PBXFileReference; fileEncoding = 4; lastKnownFileType = file.xib; path = UICommentSelectorTableViewCell.xib; sourceTree = "<group>"; };
		3D50E3F4273071F00045F6AA /* UIAttachmentSubViewController.swift */ = {isa = PBXFileReference; fileEncoding = 4; lastKnownFileType = sourcecode.swift; path = UIAttachmentSubViewController.swift; sourceTree = "<group>"; };
		3D50E3F5273071F00045F6AA /* QueriesTableViewCell.swift */ = {isa = PBXFileReference; fileEncoding = 4; lastKnownFileType = sourcecode.swift; path = QueriesTableViewCell.swift; sourceTree = "<group>"; };
		3D50E3F6273071F00045F6AA /* QueriesTableViewCell.xib */ = {isa = PBXFileReference; fileEncoding = 4; lastKnownFileType = file.xib; path = QueriesTableViewCell.xib; sourceTree = "<group>"; };
		3D50E3F7273071F00045F6AA /* UIQuestionDetailTableViewCell.swift */ = {isa = PBXFileReference; fileEncoding = 4; lastKnownFileType = sourcecode.swift; path = UIQuestionDetailTableViewCell.swift; sourceTree = "<group>"; };
		3D50E3F8273071F00045F6AA /* UIQuestionAttachmentTableViewCell.xib */ = {isa = PBXFileReference; fileEncoding = 4; lastKnownFileType = file.xib; path = UIQuestionAttachmentTableViewCell.xib; sourceTree = "<group>"; };
		3D50E3F9273071F00045F6AA /* UICommentSelectorTableViewCell.swift */ = {isa = PBXFileReference; fileEncoding = 4; lastKnownFileType = sourcecode.swift; path = UICommentSelectorTableViewCell.swift; sourceTree = "<group>"; };
		3D50E3FA273071F00045F6AA /* UIAttachmentSubViewController.xib */ = {isa = PBXFileReference; fileEncoding = 4; lastKnownFileType = file.xib; path = UIAttachmentSubViewController.xib; sourceTree = "<group>"; };
		3D50E3FB273071F00045F6AA /* UIQuestionDetailTableViewCell.xib */ = {isa = PBXFileReference; fileEncoding = 4; lastKnownFileType = file.xib; path = UIQuestionDetailTableViewCell.xib; sourceTree = "<group>"; };
		3D50E3FC273071F00045F6AA /* UIQuestionAttachmentTableViewCell.swift */ = {isa = PBXFileReference; fileEncoding = 4; lastKnownFileType = sourcecode.swift; path = UIQuestionAttachmentTableViewCell.swift; sourceTree = "<group>"; };
		3D50E3FD273071F00045F6AA /* CommentsViewController.xib */ = {isa = PBXFileReference; fileEncoding = 4; lastKnownFileType = file.xib; path = CommentsViewController.xib; sourceTree = "<group>"; };
		3D6509B62710A44C00786786 /* LawyerApp.app */ = {isa = PBXFileReference; explicitFileType = wrapper.application; includeInIndex = 0; path = LawyerApp.app; sourceTree = BUILT_PRODUCTS_DIR; };
		3D6509B92710A44C00786786 /* AppDelegate.swift */ = {isa = PBXFileReference; lastKnownFileType = sourcecode.swift; path = AppDelegate.swift; sourceTree = "<group>"; };
		3D6509BD2710A44C00786786 /* ViewController.swift */ = {isa = PBXFileReference; lastKnownFileType = sourcecode.swift; path = ViewController.swift; sourceTree = "<group>"; };
		3D6509C02710A44C00786786 /* Base */ = {isa = PBXFileReference; lastKnownFileType = file.storyboard; name = Base; path = Base.lproj/Main.storyboard; sourceTree = "<group>"; };
		3D6509C22710A44D00786786 /* Assets.xcassets */ = {isa = PBXFileReference; lastKnownFileType = folder.assetcatalog; path = Assets.xcassets; sourceTree = "<group>"; };
		3D6509C52710A44D00786786 /* Base */ = {isa = PBXFileReference; lastKnownFileType = file.storyboard; name = Base; path = Base.lproj/LaunchScreen.storyboard; sourceTree = "<group>"; };
		3D6509C72710A44D00786786 /* Info.plist */ = {isa = PBXFileReference; lastKnownFileType = text.plist.xml; path = Info.plist; sourceTree = "<group>"; };
		3D6509CD271186BA00786786 /* WelcomeToIslamabadViewController.swift */ = {isa = PBXFileReference; lastKnownFileType = sourcecode.swift; path = WelcomeToIslamabadViewController.swift; sourceTree = "<group>"; };
		3D6509CE271186BA00786786 /* WelcomeToIslamabadViewController.xib */ = {isa = PBXFileReference; lastKnownFileType = file.xib; path = WelcomeToIslamabadViewController.xib; sourceTree = "<group>"; };
		3D6509D327118FAF00786786 /* UIView.swift */ = {isa = PBXFileReference; lastKnownFileType = sourcecode.swift; path = UIView.swift; sourceTree = "<group>"; };
		3D6509D5271196BC00786786 /* SignInViewController.swift */ = {isa = PBXFileReference; lastKnownFileType = sourcecode.swift; path = SignInViewController.swift; sourceTree = "<group>"; };
		3D6509D6271196BC00786786 /* SignInViewController.xib */ = {isa = PBXFileReference; lastKnownFileType = file.xib; path = SignInViewController.xib; sourceTree = "<group>"; };
		3D6509DA2711F2AF00786786 /* DashboardViewController.swift */ = {isa = PBXFileReference; lastKnownFileType = sourcecode.swift; path = DashboardViewController.swift; sourceTree = "<group>"; };
		3D6509DB2711F2AF00786786 /* DashboardViewController.xib */ = {isa = PBXFileReference; lastKnownFileType = file.xib; path = DashboardViewController.xib; sourceTree = "<group>"; };
		3D6509DF27120B1B00786786 /* SideMenuTableViewController.swift */ = {isa = PBXFileReference; lastKnownFileType = sourcecode.swift; path = SideMenuTableViewController.swift; sourceTree = "<group>"; };
		3D6509E027120B1B00786786 /* SideMenuTableViewController.xib */ = {isa = PBXFileReference; lastKnownFileType = file.xib; path = SideMenuTableViewController.xib; sourceTree = "<group>"; };
		3D6509E427120BF800786786 /* UserNameTableViewCell.swift */ = {isa = PBXFileReference; lastKnownFileType = sourcecode.swift; path = UserNameTableViewCell.swift; sourceTree = "<group>"; };
		3D6509E527120BF800786786 /* UserNameTableViewCell.xib */ = {isa = PBXFileReference; lastKnownFileType = file.xib; path = UserNameTableViewCell.xib; sourceTree = "<group>"; };
		3D6509E927120DB400786786 /* MenuListTableViewCell.swift */ = {isa = PBXFileReference; lastKnownFileType = sourcecode.swift; path = MenuListTableViewCell.swift; sourceTree = "<group>"; };
		3D6509EA27120DB400786786 /* MenuListTableViewCell.xib */ = {isa = PBXFileReference; lastKnownFileType = file.xib; path = MenuListTableViewCell.xib; sourceTree = "<group>"; };
		3D6509ED2712B51000786786 /* LegalQuestionsAnswersViewController.swift */ = {isa = PBXFileReference; lastKnownFileType = sourcecode.swift; path = LegalQuestionsAnswersViewController.swift; sourceTree = "<group>"; };
		3D6509EE2712B51000786786 /* LegalQuestionsAnswersViewController.xib */ = {isa = PBXFileReference; lastKnownFileType = file.xib; path = LegalQuestionsAnswersViewController.xib; sourceTree = "<group>"; };
		3D6509F22712BC1C00786786 /* QuestionAnswerTableViewCell.swift */ = {isa = PBXFileReference; lastKnownFileType = sourcecode.swift; path = QuestionAnswerTableViewCell.swift; sourceTree = "<group>"; };
		3D6509F32712BC1C00786786 /* QuestionAnswerTableViewCell.xib */ = {isa = PBXFileReference; lastKnownFileType = file.xib; path = QuestionAnswerTableViewCell.xib; sourceTree = "<group>"; };
		3D6509F72712CC3E00786786 /* QuestionAnswerViewController.swift */ = {isa = PBXFileReference; lastKnownFileType = sourcecode.swift; path = QuestionAnswerViewController.swift; sourceTree = "<group>"; };
		3D6509F82712CC3E00786786 /* QuestionAnswerViewController.xib */ = {isa = PBXFileReference; lastKnownFileType = file.xib; path = QuestionAnswerViewController.xib; sourceTree = "<group>"; };
		3D6509FC2712D30100786786 /* PostAQuestionViewController.swift */ = {isa = PBXFileReference; lastKnownFileType = sourcecode.swift; path = PostAQuestionViewController.swift; sourceTree = "<group>"; };
		3D6509FD2712D30100786786 /* PostAQuestionViewController.xib */ = {isa = PBXFileReference; lastKnownFileType = file.xib; path = PostAQuestionViewController.xib; sourceTree = "<group>"; };
		3D650A012712DF9500786786 /* GeneralAnnouncementsViewController.swift */ = {isa = PBXFileReference; lastKnownFileType = sourcecode.swift; path = GeneralAnnouncementsViewController.swift; sourceTree = "<group>"; };
		3D650A022712DF9500786786 /* GeneralAnnouncementsViewController.xib */ = {isa = PBXFileReference; lastKnownFileType = file.xib; path = GeneralAnnouncementsViewController.xib; sourceTree = "<group>"; };
		3D650A062712E11200786786 /* GeneralAnnouncementTableViewCell.swift */ = {isa = PBXFileReference; lastKnownFileType = sourcecode.swift; path = GeneralAnnouncementTableViewCell.swift; sourceTree = "<group>"; };
		3D650A072712E11200786786 /* GeneralAnnouncementTableViewCell.xib */ = {isa = PBXFileReference; lastKnownFileType = file.xib; path = GeneralAnnouncementTableViewCell.xib; sourceTree = "<group>"; };
		3D650A0B2712E5EE00786786 /* AnnouncementViewController.swift */ = {isa = PBXFileReference; lastKnownFileType = sourcecode.swift; path = AnnouncementViewController.swift; sourceTree = "<group>"; };
		3D650A0C2712E5EE00786786 /* AnnouncementViewController.xib */ = {isa = PBXFileReference; lastKnownFileType = file.xib; path = AnnouncementViewController.xib; sourceTree = "<group>"; };
		3D650A102712E7B400786786 /* MemberDirectoryViewController.swift */ = {isa = PBXFileReference; lastKnownFileType = sourcecode.swift; path = MemberDirectoryViewController.swift; sourceTree = "<group>"; };
		3D650A112712E7B400786786 /* MemberDirectoryViewController.xib */ = {isa = PBXFileReference; lastKnownFileType = file.xib; path = MemberDirectoryViewController.xib; sourceTree = "<group>"; };
		3D650A152712E89200786786 /* MemberCollectionViewCell.swift */ = {isa = PBXFileReference; lastKnownFileType = sourcecode.swift; path = MemberCollectionViewCell.swift; sourceTree = "<group>"; };
		3D650A162712E89200786786 /* MemberCollectionViewCell.xib */ = {isa = PBXFileReference; lastKnownFileType = file.xib; path = MemberCollectionViewCell.xib; sourceTree = "<group>"; };
		3D650A1A2712EDE100786786 /* MemberNameViewController.swift */ = {isa = PBXFileReference; lastKnownFileType = sourcecode.swift; path = MemberNameViewController.swift; sourceTree = "<group>"; };
		3D650A1B2712EDE100786786 /* MemberNameViewController.xib */ = {isa = PBXFileReference; lastKnownFileType = file.xib; path = MemberNameViewController.xib; sourceTree = "<group>"; };
		3D650A1F2712F6EA00786786 /* OfficialDirectoryViewController.swift */ = {isa = PBXFileReference; lastKnownFileType = sourcecode.swift; path = OfficialDirectoryViewController.swift; sourceTree = "<group>"; };
		3D650A202712F6EA00786786 /* OfficialDirectoryViewController.xib */ = {isa = PBXFileReference; lastKnownFileType = file.xib; path = OfficialDirectoryViewController.xib; sourceTree = "<group>"; };
		3D650A242712F84900786786 /* OfficialDirectoryTableViewCell.swift */ = {isa = PBXFileReference; lastKnownFileType = sourcecode.swift; path = OfficialDirectoryTableViewCell.swift; sourceTree = "<group>"; };
		3D650A252712F84900786786 /* OfficialDirectoryTableViewCell.xib */ = {isa = PBXFileReference; lastKnownFileType = file.xib; path = OfficialDirectoryTableViewCell.xib; sourceTree = "<group>"; };
		3D650A292713026800786786 /* ProfileViewController.swift */ = {isa = PBXFileReference; lastKnownFileType = sourcecode.swift; path = ProfileViewController.swift; sourceTree = "<group>"; };
		3D650A2A2713026800786786 /* ProfileViewController.xib */ = {isa = PBXFileReference; lastKnownFileType = file.xib; path = ProfileViewController.xib; sourceTree = "<group>"; };
		3D650A2E27131B9A00786786 /* SearchFilterViewController.swift */ = {isa = PBXFileReference; lastKnownFileType = sourcecode.swift; path = SearchFilterViewController.swift; sourceTree = "<group>"; };
		3D650A2F27131B9A00786786 /* SearchFilterViewController.xib */ = {isa = PBXFileReference; lastKnownFileType = file.xib; path = SearchFilterViewController.xib; sourceTree = "<group>"; };
		3D650A332713252F00786786 /* UIButton.swift */ = {isa = PBXFileReference; lastKnownFileType = sourcecode.swift; path = UIButton.swift; sourceTree = "<group>"; };
		3D650A352713455000786786 /* SignUpViewController.swift */ = {isa = PBXFileReference; lastKnownFileType = sourcecode.swift; path = SignUpViewController.swift; sourceTree = "<group>"; };
		3D650A362713455000786786 /* SignUpViewController.xib */ = {isa = PBXFileReference; lastKnownFileType = file.xib; path = SignUpViewController.xib; sourceTree = "<group>"; };
		3D650A3A2713479B00786786 /* UserTableViewCell.swift */ = {isa = PBXFileReference; lastKnownFileType = sourcecode.swift; path = UserTableViewCell.swift; sourceTree = "<group>"; };
		3D650A3B2713479B00786786 /* UserTableViewCell.xib */ = {isa = PBXFileReference; lastKnownFileType = file.xib; path = UserTableViewCell.xib; sourceTree = "<group>"; };
		3D650A3F2714082B00786786 /* BarCouncilViewController.swift */ = {isa = PBXFileReference; lastKnownFileType = sourcecode.swift; path = BarCouncilViewController.swift; sourceTree = "<group>"; };
		3D650A402714082B00786786 /* BarCouncilViewController.xib */ = {isa = PBXFileReference; lastKnownFileType = file.xib; path = BarCouncilViewController.xib; sourceTree = "<group>"; };
		3D66A4B12717502200221832 /* MembersOfIslamabadTableViewCell.swift */ = {isa = PBXFileReference; lastKnownFileType = sourcecode.swift; path = MembersOfIslamabadTableViewCell.swift; sourceTree = "<group>"; };
		3D66A4B22717502200221832 /* MembersOfIslamabadTableViewCell.xib */ = {isa = PBXFileReference; lastKnownFileType = file.xib; path = MembersOfIslamabadTableViewCell.xib; sourceTree = "<group>"; };
		3D66A4B5271758F300221832 /* IssuseDateTableViewCell.swift */ = {isa = PBXFileReference; lastKnownFileType = sourcecode.swift; path = IssuseDateTableViewCell.swift; sourceTree = "<group>"; };
		3D66A4B6271758F300221832 /* IssuseDateTableViewCell.xib */ = {isa = PBXFileReference; lastKnownFileType = file.xib; path = IssuseDateTableViewCell.xib; sourceTree = "<group>"; };
		3D66A4B9271759FF00221832 /* HighCourtTableViewCell.swift */ = {isa = PBXFileReference; lastKnownFileType = sourcecode.swift; path = HighCourtTableViewCell.swift; sourceTree = "<group>"; };
		3D66A4BA271759FF00221832 /* HighCourtTableViewCell.xib */ = {isa = PBXFileReference; lastKnownFileType = file.xib; path = HighCourtTableViewCell.xib; sourceTree = "<group>"; };
		3D66A4BD27175A8100221832 /* SupremeCourtTableViewCell.swift */ = {isa = PBXFileReference; lastKnownFileType = sourcecode.swift; path = SupremeCourtTableViewCell.swift; sourceTree = "<group>"; };
		3D66A4BE27175A8100221832 /* SupremeCourtTableViewCell.xib */ = {isa = PBXFileReference; lastKnownFileType = file.xib; path = SupremeCourtTableViewCell.xib; sourceTree = "<group>"; };
		3D66A4C127175B0000221832 /* OfficeAddressTableViewCell.swift */ = {isa = PBXFileReference; lastKnownFileType = sourcecode.swift; path = OfficeAddressTableViewCell.swift; sourceTree = "<group>"; };
		3D66A4C227175B0000221832 /* OfficeAddressTableViewCell.xib */ = {isa = PBXFileReference; lastKnownFileType = file.xib; path = OfficeAddressTableViewCell.xib; sourceTree = "<group>"; };
		3D66A4C5271965C100221832 /* Validate.swift */ = {isa = PBXFileReference; fileEncoding = 4; lastKnownFileType = sourcecode.swift; path = Validate.swift; sourceTree = "<group>"; };
		3D66A4C727197D8700221832 /* LocalAuth.swift */ = {isa = PBXFileReference; lastKnownFileType = sourcecode.swift; path = LocalAuth.swift; sourceTree = "<group>"; };
		3D66A4C92719951C00221832 /* MemberDirectoryModels.swift */ = {isa = PBXFileReference; lastKnownFileType = sourcecode.swift; path = MemberDirectoryModels.swift; sourceTree = "<group>"; };
		3D66A4CF2719B0DA00221832 /* QuestionRequestModel.swift */ = {isa = PBXFileReference; lastKnownFileType = sourcecode.swift; path = QuestionRequestModel.swift; sourceTree = "<group>"; };
		3D66A4D12719B68700221832 /* QuestionServices.swift */ = {isa = PBXFileReference; lastKnownFileType = sourcecode.swift; path = QuestionServices.swift; sourceTree = "<group>"; };
		3D66A4D32719CBDC00221832 /* PostQuestionsServices.swift */ = {isa = PBXFileReference; lastKnownFileType = sourcecode.swift; path = PostQuestionsServices.swift; sourceTree = "<group>"; };
		3D66A4D5271AC9BA00221832 /* PostAnnouncementViewController.swift */ = {isa = PBXFileReference; lastKnownFileType = sourcecode.swift; path = PostAnnouncementViewController.swift; sourceTree = "<group>"; };
		3D66A4D6271AC9BA00221832 /* PostAnnouncementViewController.xib */ = {isa = PBXFileReference; lastKnownFileType = file.xib; path = PostAnnouncementViewController.xib; sourceTree = "<group>"; };
		3D66A4D9271AD47600221832 /* AnnouncementModels.swift */ = {isa = PBXFileReference; lastKnownFileType = sourcecode.swift; path = AnnouncementModels.swift; sourceTree = "<group>"; };
		3D66A4DB271AD48D00221832 /* AnnouncementServices.swift */ = {isa = PBXFileReference; lastKnownFileType = sourcecode.swift; path = AnnouncementServices.swift; sourceTree = "<group>"; };
		3D66A4DD271B140600221832 /* GeneralAnnouncementRequestModel.swift */ = {isa = PBXFileReference; lastKnownFileType = sourcecode.swift; path = GeneralAnnouncementRequestModel.swift; sourceTree = "<group>"; };
		3D66A4DF271B14ED00221832 /* GeneralAnnouncementServices.swift */ = {isa = PBXFileReference; lastKnownFileType = sourcecode.swift; path = GeneralAnnouncementServices.swift; sourceTree = "<group>"; };
		3D66A4E1271C049600221832 /* BiometricsManager.swift */ = {isa = PBXFileReference; lastKnownFileType = sourcecode.swift; path = BiometricsManager.swift; sourceTree = "<group>"; };
		3D66A4E3271C0C2800221832 /* NetworkConectionModel.swift */ = {isa = PBXFileReference; lastKnownFileType = sourcecode.swift; path = NetworkConectionModel.swift; sourceTree = "<group>"; };
		3D66A4E5271C83DF00221832 /* UIString.swift */ = {isa = PBXFileReference; lastKnownFileType = sourcecode.swift; path = UIString.swift; sourceTree = "<group>"; };
		3D66A4E7271D5CF300221832 /* DateTimePicker.swift */ = {isa = PBXFileReference; lastKnownFileType = sourcecode.swift; path = DateTimePicker.swift; sourceTree = "<group>"; };
		3DA403D3272F020A00E88E3B /* URL.swift */ = {isa = PBXFileReference; lastKnownFileType = sourcecode.swift; path = URL.swift; sourceTree = "<group>"; };
		3DD92BAB2715E03200C5D0F6 /* ApprovalViewController.swift */ = {isa = PBXFileReference; lastKnownFileType = sourcecode.swift; path = ApprovalViewController.swift; sourceTree = "<group>"; };
		3DD92BAC2715E03200C5D0F6 /* ApprovalViewController.xib */ = {isa = PBXFileReference; lastKnownFileType = file.xib; path = ApprovalViewController.xib; sourceTree = "<group>"; };
		3DD92BB02715EE4A00C5D0F6 /* ApprovalServices.swift */ = {isa = PBXFileReference; lastKnownFileType = sourcecode.swift; path = ApprovalServices.swift; sourceTree = "<group>"; };
		3DD92BB22715EE6000C5D0F6 /* ApprovalRequestModel.swift */ = {isa = PBXFileReference; lastKnownFileType = sourcecode.swift; path = ApprovalRequestModel.swift; sourceTree = "<group>"; };
		3DD92BB42715EE7100C5D0F6 /* ApprovalResponseModel.swift */ = {isa = PBXFileReference; lastKnownFileType = sourcecode.swift; path = ApprovalResponseModel.swift; sourceTree = "<group>"; };
		3DD92BB627160A5D00C5D0F6 /* Generic.swift */ = {isa = PBXFileReference; lastKnownFileType = sourcecode.swift; path = Generic.swift; sourceTree = "<group>"; };
		3DDD4653273516690036CFDC /* LoadMoreActivityIndicator.swift */ = {isa = PBXFileReference; lastKnownFileType = sourcecode.swift; path = LoadMoreActivityIndicator.swift; sourceTree = "<group>"; };
		3DE5EFE8272134BF00A9512A /* OfficialDirectoryModels.swift */ = {isa = PBXFileReference; lastKnownFileType = sourcecode.swift; path = OfficialDirectoryModels.swift; sourceTree = "<group>"; };
		3DE5EFEA272137C200A9512A /* OfficialDirectoryServices.swift */ = {isa = PBXFileReference; lastKnownFileType = sourcecode.swift; path = OfficialDirectoryServices.swift; sourceTree = "<group>"; };
		3DE5EFEC27213CD600A9512A /* AddOfficialDirectoryViewController.swift */ = {isa = PBXFileReference; lastKnownFileType = sourcecode.swift; path = AddOfficialDirectoryViewController.swift; sourceTree = "<group>"; };
		3DE5EFED27213CD600A9512A /* AddOfficialDirectoryViewController.xib */ = {isa = PBXFileReference; lastKnownFileType = file.xib; path = AddOfficialDirectoryViewController.xib; sourceTree = "<group>"; };
		3DE5EFF027216B5300A9512A /* EmptyTableViewCell.swift */ = {isa = PBXFileReference; lastKnownFileType = sourcecode.swift; path = EmptyTableViewCell.swift; sourceTree = "<group>"; };
		3DE5EFF127216B5300A9512A /* EmptyTableViewCell.xib */ = {isa = PBXFileReference; lastKnownFileType = file.xib; path = EmptyTableViewCell.xib; sourceTree = "<group>"; };
		3DE5EFF42722CE6C00A9512A /* ProfileTableViewCell.swift */ = {isa = PBXFileReference; lastKnownFileType = sourcecode.swift; path = ProfileTableViewCell.swift; sourceTree = "<group>"; };
		3DE5EFF52722CE6C00A9512A /* ProfileTableViewCell.xib */ = {isa = PBXFileReference; lastKnownFileType = file.xib; path = ProfileTableViewCell.xib; sourceTree = "<group>"; };
		3DE5EFF827232A8900A9512A /* PostAttachmentViewController.swift */ = {isa = PBXFileReference; lastKnownFileType = sourcecode.swift; path = PostAttachmentViewController.swift; sourceTree = "<group>"; };
		3DE5EFF927232A8900A9512A /* PostAttachmentViewController.xib */ = {isa = PBXFileReference; lastKnownFileType = file.xib; path = PostAttachmentViewController.xib; sourceTree = "<group>"; };
		3DE9333B2716E18F00B80B7D /* GenericResponseModel.swift */ = {isa = PBXFileReference; lastKnownFileType = sourcecode.swift; path = GenericResponseModel.swift; sourceTree = "<group>"; };
		3DE9333D2716F57D00B80B7D /* UIViewController.swift */ = {isa = PBXFileReference; lastKnownFileType = sourcecode.swift; path = UIViewController.swift; sourceTree = "<group>"; };
		3DE9333F2716F5D300B80B7D /* SpinnerViewController.swift */ = {isa = PBXFileReference; lastKnownFileType = sourcecode.swift; path = SpinnerViewController.swift; sourceTree = "<group>"; };
		3DE93342271726A800B80B7D /* UIViewController.swift */ = {isa = PBXFileReference; fileEncoding = 4; lastKnownFileType = sourcecode.swift; path = UIViewController.swift; sourceTree = "<group>"; };
		3DEB0BE2271EA8DF00E5DE75 /* BiometricTableViewCell.swift */ = {isa = PBXFileReference; lastKnownFileType = sourcecode.swift; path = BiometricTableViewCell.swift; sourceTree = "<group>"; };
		3DEB0BE3271EA8DF00E5DE75 /* BiometricTableViewCell.xib */ = {isa = PBXFileReference; lastKnownFileType = file.xib; path = BiometricTableViewCell.xib; sourceTree = "<group>"; };
		3DEB0BE6271F47A900E5DE75 /* GetAnnouncementDetailServices.swift */ = {isa = PBXFileReference; lastKnownFileType = sourcecode.swift; path = GetAnnouncementDetailServices.swift; sourceTree = "<group>"; };
		3DEB0BE82720032800E5DE75 /* Date.swift */ = {isa = PBXFileReference; lastKnownFileType = sourcecode.swift; path = Date.swift; sourceTree = "<group>"; };
		3DEB0BEA2720079700E5DE75 /* BarAnnouncementDetailServices.swift */ = {isa = PBXFileReference; lastKnownFileType = sourcecode.swift; path = BarAnnouncementDetailServices.swift; sourceTree = "<group>"; };
		3DEB0BEC27200DAE00E5DE75 /* ProfileModels.swift */ = {isa = PBXFileReference; lastKnownFileType = sourcecode.swift; path = ProfileModels.swift; sourceTree = "<group>"; };
		3DEB0BEE272011BB00E5DE75 /* ProfileServices.swift */ = {isa = PBXFileReference; lastKnownFileType = sourcecode.swift; path = ProfileServices.swift; sourceTree = "<group>"; };
		459F46BAF1A03A8A80FA536C /* Pods-LawyerApp.debug.xcconfig */ = {isa = PBXFileReference; includeInIndex = 1; lastKnownFileType = text.xcconfig; name = "Pods-LawyerApp.debug.xcconfig"; path = "Target Support Files/Pods-LawyerApp/Pods-LawyerApp.debug.xcconfig"; sourceTree = "<group>"; };
		66376A16225B5409B63D5283 /* Pods-LawyerApp.release.xcconfig */ = {isa = PBXFileReference; includeInIndex = 1; lastKnownFileType = text.xcconfig; name = "Pods-LawyerApp.release.xcconfig"; path = "Target Support Files/Pods-LawyerApp/Pods-LawyerApp.release.xcconfig"; sourceTree = "<group>"; };
		956AFA332716C6770005C826 /* Validate.swift */ = {isa = PBXFileReference; lastKnownFileType = sourcecode.swift; path = Validate.swift; sourceTree = "<group>"; };
		C8D4A73D2722F10C007404E2 /* UIAttachmentCollectionViewCell.swift */ = {isa = PBXFileReference; lastKnownFileType = sourcecode.swift; path = UIAttachmentCollectionViewCell.swift; sourceTree = "<group>"; };
		C8D4A73E2722F10C007404E2 /* UIAttachmentCollectionViewCell.xib */ = {isa = PBXFileReference; lastKnownFileType = file.xib; path = UIAttachmentCollectionViewCell.xib; sourceTree = "<group>"; };
		C8D4A7422722F505007404E2 /* ExtensionUIView.swift */ = {isa = PBXFileReference; fileEncoding = 4; lastKnownFileType = sourcecode.swift; path = ExtensionUIView.swift; sourceTree = "<group>"; };
/* End PBXFileReference section */

/* Begin PBXFrameworksBuildPhase section */
		3D6509B32710A44C00786786 /* Frameworks */ = {
			isa = PBXFrameworksBuildPhase;
			buildActionMask = 2147483647;
			files = (
				F511EE9F5B16B4C463DEF7D2 /* Pods_LawyerApp.framework in Frameworks */,
			);
			runOnlyForDeploymentPostprocessing = 0;
		};
/* End PBXFrameworksBuildPhase section */

/* Begin PBXGroup section */
		3D061BAC2714297000DFCCF8 /* SearchCouncilVC */ = {
			isa = PBXGroup;
			children = (
				3D061BA82714296B00DFCCF8 /* SearchForBarCouncilViewController.swift */,
				3D061BA92714296B00DFCCF8 /* SearchForBarCouncilViewController.xib */,
			);
			path = SearchCouncilVC;
			sourceTree = "<group>";
		};
		3D50E3E72730463D0045F6AA /* AbusiveWord */ = {
			isa = PBXGroup;
			children = (
				3D50E3E1272FF57E0045F6AA /* SelectableLabel.swift */,
				3D50E3E82730466E0045F6AA /* AbusiveWordModels.swift */,
				3D50E3EA273048540045F6AA /* AbuseWordServices.swift */,
			);
			path = AbusiveWord;
			sourceTree = "<group>";
		};
		3D50E3EE273071F00045F6AA /* QuestionareDetails */ = {
			isa = PBXGroup;
			children = (
				3D50E3EF273071F00045F6AA /* QuestionareModels.swift */,
				3D50E3F0273071F00045F6AA /* QuestionareServices.swift */,
				3D50E3F1273071F00045F6AA /* CommentsViewController.swift */,
				3D50E3FD273071F00045F6AA /* CommentsViewController.xib */,
				3D50E3F2273071F00045F6AA /* Cell */,
			);
			name = QuestionareDetails;
			path = ../../../../Downloads/QuestionareDetails;
			sourceTree = "<group>";
		};
		3D50E3F2273071F00045F6AA /* Cell */ = {
			isa = PBXGroup;
			children = (
				3D50E3F4273071F00045F6AA /* UIAttachmentSubViewController.swift */,
				3D50E3FA273071F00045F6AA /* UIAttachmentSubViewController.xib */,
				3D50E3F5273071F00045F6AA /* QueriesTableViewCell.swift */,
				3D50E3F6273071F00045F6AA /* QueriesTableViewCell.xib */,
				3D50E3F7273071F00045F6AA /* UIQuestionDetailTableViewCell.swift */,
				3D50E3F8273071F00045F6AA /* UIQuestionAttachmentTableViewCell.xib */,
				3D50E3F9273071F00045F6AA /* UICommentSelectorTableViewCell.swift */,
				3D50E3F3273071F00045F6AA /* UICommentSelectorTableViewCell.xib */,
				3D50E3FB273071F00045F6AA /* UIQuestionDetailTableViewCell.xib */,
				3D50E3FC273071F00045F6AA /* UIQuestionAttachmentTableViewCell.swift */,
			);
			path = Cell;
			sourceTree = "<group>";
		};
		3D6509AD2710A44B00786786 = {
			isa = PBXGroup;
			children = (
				3D6509B82710A44C00786786 /* LawyerApp */,
				3D6509B72710A44C00786786 /* Products */,
				ECFC89F527E7106A3B7C0D08 /* Pods */,
				B92BFA6F9DAB006D7D3E20B2 /* Frameworks */,
				3DE933412717264C00B80B7D /* Recovered References */,
			);
			sourceTree = "<group>";
		};
		3D6509B72710A44C00786786 /* Products */ = {
			isa = PBXGroup;
			children = (
				3D6509B62710A44C00786786 /* LawyerApp.app */,
			);
			name = Products;
			sourceTree = "<group>";
		};
		3D6509B82710A44C00786786 /* LawyerApp */ = {
			isa = PBXGroup;
			children = (
				3D6509D227118F9B00786786 /* Extensions */,
				3D66A4C5271965C100221832 /* Validate.swift */,
				3D6509B92710A44C00786786 /* AppDelegate.swift */,
				3D6509BD2710A44C00786786 /* ViewController.swift */,
				C8D4A7422722F505007404E2 /* ExtensionUIView.swift */,
				3D6509BF2710A44C00786786 /* Main.storyboard */,
				3D6509C22710A44D00786786 /* Assets.xcassets */,
				3D6509C42710A44D00786786 /* LaunchScreen.storyboard */,
				3D6509C72710A44D00786786 /* Info.plist */,
				3D50E3E3273005CC0045F6AA /* AVSpeechSynthesizer+Shared.swift */,
				3D50E3E72730463D0045F6AA /* AbusiveWord */,
				3D6509D1271186C300786786 /* WelcomeToIslamabadVC */,
				3D650A392713455600786786 /* SignUpVC */,
				3D6509D9271196C100786786 /* SignInVC */,
				3D6509DE2711F2B500786786 /* DashboardVC */,
				3D6509E327120B8000786786 /* SideMenu */,
				3D6509F12712B51500786786 /* LegalQuesAnsVC */,
				3D650A052712DFA900786786 /* GeneralAnnouncementsVC */,
				3D650A432714082F00786786 /* BarCouncilVC */,
				3D650A142712E7BB00786786 /* MemberDirectoryVC */,
				3D650A232712F6F000786786 /* OfficialDirectoryVC */,
				3D650A2D2713026D00786786 /* ProfileVC */,
				3D650A3227131BA200786786 /* SearchVC */,
				3DD92BAF2715E03900C5D0F6 /* ApprovalsVC */,
				3DDD46522734EB730036CFDC /* CalenderVC */,
				3D50E3E527301DF30045F6AA /* QLViewController.swift */,
				3D1426F02714783D00DE03BB /* BaseService.swift */,
				3D1426FE2715520700DE03BB /* CalenderView.swift */,
				3DD92BB627160A5D00C5D0F6 /* Generic.swift */,
				3DE9333B2716E18F00B80B7D /* GenericResponseModel.swift */,
				3DE9333F2716F5D300B80B7D /* SpinnerViewController.swift */,
				3D66A4C727197D8700221832 /* LocalAuth.swift */,
				3D66A4E1271C049600221832 /* BiometricsManager.swift */,
				3D66A4E3271C0C2800221832 /* NetworkConectionModel.swift */,
				3D66A4E7271D5CF300221832 /* DateTimePicker.swift */,
				3D36AD132726D73E00DFD509 /* Constant.swift */,
				3DDD4653273516690036CFDC /* LoadMoreActivityIndicator.swift */,
			);
			path = LawyerApp;
			sourceTree = "<group>";
		};
		3D6509D1271186C300786786 /* WelcomeToIslamabadVC */ = {
			isa = PBXGroup;
			children = (
				3D6509CD271186BA00786786 /* WelcomeToIslamabadViewController.swift */,
				3D6509CE271186BA00786786 /* WelcomeToIslamabadViewController.xib */,
			);
			path = WelcomeToIslamabadVC;
			sourceTree = "<group>";
		};
		3D6509D227118F9B00786786 /* Extensions */ = {
			isa = PBXGroup;
			children = (
				3DE93342271726A800B80B7D /* UIViewController.swift */,
				3D6509D327118FAF00786786 /* UIView.swift */,
				3D650A332713252F00786786 /* UIButton.swift */,
				956AFA332716C6770005C826 /* Validate.swift */,
				3D66A4E5271C83DF00221832 /* UIString.swift */,
				3DEB0BE82720032800E5DE75 /* Date.swift */,
				3DA403D3272F020A00E88E3B /* URL.swift */,
			);
			path = Extensions;
			sourceTree = "<group>";
		};
		3D6509D9271196C100786786 /* SignInVC */ = {
			isa = PBXGroup;
			children = (
				3D6509D5271196BC00786786 /* SignInViewController.swift */,
				3D6509D6271196BC00786786 /* SignInViewController.xib */,
				3D1426F82714903E00DE03BB /* SignInRequestModel.swift */,
				3D1426FA2714905D00DE03BB /* SignInResponseModel.swift */,
				3D1426FC2714907A00DE03BB /* SignInServices.swift */,
			);
			path = SignInVC;
			sourceTree = "<group>";
		};
		3D6509DE2711F2B500786786 /* DashboardVC */ = {
			isa = PBXGroup;
			children = (
				3D6509DA2711F2AF00786786 /* DashboardViewController.swift */,
				3D6509DB2711F2AF00786786 /* DashboardViewController.xib */,
			);
			path = DashboardVC;
			sourceTree = "<group>";
		};
		3D6509E327120B8000786786 /* SideMenu */ = {
			isa = PBXGroup;
			children = (
				3D6509DF27120B1B00786786 /* SideMenuTableViewController.swift */,
				3D6509E027120B1B00786786 /* SideMenuTableViewController.xib */,
				3D6509E827120BFF00786786 /* TableViewCells */,
			);
			path = SideMenu;
			sourceTree = "<group>";
		};
		3D6509E827120BFF00786786 /* TableViewCells */ = {
			isa = PBXGroup;
			children = (
				3D6509E427120BF800786786 /* UserNameTableViewCell.swift */,
				3D6509E527120BF800786786 /* UserNameTableViewCell.xib */,
				3D6509E927120DB400786786 /* MenuListTableViewCell.swift */,
				3D6509EA27120DB400786786 /* MenuListTableViewCell.xib */,
				3DEB0BE2271EA8DF00E5DE75 /* BiometricTableViewCell.swift */,
				3DEB0BE3271EA8DF00E5DE75 /* BiometricTableViewCell.xib */,
			);
			path = TableViewCells;
			sourceTree = "<group>";
		};
		3D6509F12712B51500786786 /* LegalQuesAnsVC */ = {
			isa = PBXGroup;
			children = (
				3D6509ED2712B51000786786 /* LegalQuestionsAnswersViewController.swift */,
				3D6509EE2712B51000786786 /* LegalQuestionsAnswersViewController.xib */,
				3D50E3EE273071F00045F6AA /* QuestionareDetails */,
				3D6509F62712BC2200786786 /* QuesAnsCell */,
				3D6509FB2712CC4400786786 /* QuestionAnswerVC */,
				3D650A002712D30700786786 /* PostAQuesVC */,
				3D66A4CF2719B0DA00221832 /* QuestionRequestModel.swift */,
				3D66A4D12719B68700221832 /* QuestionServices.swift */,
			);
			path = LegalQuesAnsVC;
			sourceTree = "<group>";
		};
		3D6509F62712BC2200786786 /* QuesAnsCell */ = {
			isa = PBXGroup;
			children = (
				3D6509F22712BC1C00786786 /* QuestionAnswerTableViewCell.swift */,
				3D6509F32712BC1C00786786 /* QuestionAnswerTableViewCell.xib */,
			);
			path = QuesAnsCell;
			sourceTree = "<group>";
		};
		3D6509FB2712CC4400786786 /* QuestionAnswerVC */ = {
			isa = PBXGroup;
			children = (
				3D6509F72712CC3E00786786 /* QuestionAnswerViewController.swift */,
				3D6509F82712CC3E00786786 /* QuestionAnswerViewController.xib */,
			);
			path = QuestionAnswerVC;
			sourceTree = "<group>";
		};
		3D650A002712D30700786786 /* PostAQuesVC */ = {
			isa = PBXGroup;
			children = (
				C8D4A73C2722F0EC007404E2 /* Cell */,
				3D6509FC2712D30100786786 /* PostAQuestionViewController.swift */,
				3D6509FD2712D30100786786 /* PostAQuestionViewController.xib */,
				3D66A4D32719CBDC00221832 /* PostQuestionsServices.swift */,
			);
			path = PostAQuesVC;
			sourceTree = "<group>";
		};
		3D650A052712DFA900786786 /* GeneralAnnouncementsVC */ = {
			isa = PBXGroup;
			children = (
				3D650A012712DF9500786786 /* GeneralAnnouncementsViewController.swift */,
				3D650A022712DF9500786786 /* GeneralAnnouncementsViewController.xib */,
				3D66A4DD271B140600221832 /* GeneralAnnouncementRequestModel.swift */,
				3D66A4DF271B14ED00221832 /* GeneralAnnouncementServices.swift */,
				3DEB0BE6271F47A900E5DE75 /* GetAnnouncementDetailServices.swift */,
				3D650A0A2712E11800786786 /* AnnouncementsCell */,
				3D650A0F2712E5F300786786 /* AnnouncementVC */,
				3DE5EFF827232A8900A9512A /* PostAttachmentViewController.swift */,
				3DE5EFF927232A8900A9512A /* PostAttachmentViewController.xib */,
			);
			path = GeneralAnnouncementsVC;
			sourceTree = "<group>";
		};
		3D650A0A2712E11800786786 /* AnnouncementsCell */ = {
			isa = PBXGroup;
			children = (
				3D650A062712E11200786786 /* GeneralAnnouncementTableViewCell.swift */,
				3D650A072712E11200786786 /* GeneralAnnouncementTableViewCell.xib */,
			);
			path = AnnouncementsCell;
			sourceTree = "<group>";
		};
		3D650A0F2712E5F300786786 /* AnnouncementVC */ = {
			isa = PBXGroup;
			children = (
				3D650A0B2712E5EE00786786 /* AnnouncementViewController.swift */,
				3D650A0C2712E5EE00786786 /* AnnouncementViewController.xib */,
			);
			path = AnnouncementVC;
			sourceTree = "<group>";
		};
		3D650A142712E7BB00786786 /* MemberDirectoryVC */ = {
			isa = PBXGroup;
			children = (
				3D650A102712E7B400786786 /* MemberDirectoryViewController.swift */,
				3D650A112712E7B400786786 /* MemberDirectoryViewController.xib */,
				3D66A4C92719951C00221832 /* MemberDirectoryModels.swift */,
				3D650A192712EBBB00786786 /* MembersCell */,
				3D650A1E2712EDE600786786 /* MembersVC */,
			);
			path = MemberDirectoryVC;
			sourceTree = "<group>";
		};
		3D650A192712EBBB00786786 /* MembersCell */ = {
			isa = PBXGroup;
			children = (
				3D650A152712E89200786786 /* MemberCollectionViewCell.swift */,
				3D650A162712E89200786786 /* MemberCollectionViewCell.xib */,
			);
			path = MembersCell;
			sourceTree = "<group>";
		};
		3D650A1E2712EDE600786786 /* MembersVC */ = {
			isa = PBXGroup;
			children = (
				3D650A1A2712EDE100786786 /* MemberNameViewController.swift */,
				3D650A1B2712EDE100786786 /* MemberNameViewController.xib */,
			);
			path = MembersVC;
			sourceTree = "<group>";
		};
		3D650A232712F6F000786786 /* OfficialDirectoryVC */ = {
			isa = PBXGroup;
			children = (
				3D650A1F2712F6EA00786786 /* OfficialDirectoryViewController.swift */,
				3D650A202712F6EA00786786 /* OfficialDirectoryViewController.xib */,
				3D650A282712F84D00786786 /* DirectoryCell */,
				3DE5EFE8272134BF00A9512A /* OfficialDirectoryModels.swift */,
				3DE5EFEA272137C200A9512A /* OfficialDirectoryServices.swift */,
				3DE5EFEC27213CD600A9512A /* AddOfficialDirectoryViewController.swift */,
				3DE5EFED27213CD600A9512A /* AddOfficialDirectoryViewController.xib */,
			);
			path = OfficialDirectoryVC;
			sourceTree = "<group>";
		};
		3D650A282712F84D00786786 /* DirectoryCell */ = {
			isa = PBXGroup;
			children = (
				3D650A242712F84900786786 /* OfficialDirectoryTableViewCell.swift */,
				3D650A252712F84900786786 /* OfficialDirectoryTableViewCell.xib */,
				3DE5EFF027216B5300A9512A /* EmptyTableViewCell.swift */,
				3DE5EFF127216B5300A9512A /* EmptyTableViewCell.xib */,
			);
			path = DirectoryCell;
			sourceTree = "<group>";
		};
		3D650A2D2713026D00786786 /* ProfileVC */ = {
			isa = PBXGroup;
			children = (
				3D650A292713026800786786 /* ProfileViewController.swift */,
				3D650A2A2713026800786786 /* ProfileViewController.xib */,
				3DEB0BEC27200DAE00E5DE75 /* ProfileModels.swift */,
				3DEB0BEE272011BB00E5DE75 /* ProfileServices.swift */,
				3DE5EFF42722CE6C00A9512A /* ProfileTableViewCell.swift */,
				3DE5EFF52722CE6C00A9512A /* ProfileTableViewCell.xib */,
				3D34BD932732A5CD001F61F5 /* UIImageViewController.swift */,
				3D34BD942732A5CD001F61F5 /* UIImageViewController.xib */,
			);
			path = ProfileVC;
			sourceTree = "<group>";
		};
		3D650A3227131BA200786786 /* SearchVC */ = {
			isa = PBXGroup;
			children = (
				3D650A2E27131B9A00786786 /* SearchFilterViewController.swift */,
				3D650A2F27131B9A00786786 /* SearchFilterViewController.xib */,
			);
			path = SearchVC;
			sourceTree = "<group>";
		};
		3D650A392713455600786786 /* SignUpVC */ = {
			isa = PBXGroup;
			children = (
				3D650A352713455000786786 /* SignUpViewController.swift */,
				3D650A362713455000786786 /* SignUpViewController.xib */,
				3D1426F227147D3000DE03BB /* SignUpRequestModel.swift */,
				3D1426F4271483B400DE03BB /* SignUpServices.swift */,
				3D1426F62714902200DE03BB /* SignUpResponseModel.swift */,
				3D650A3E2713480600786786 /* SignUpCell */,
			);
			path = SignUpVC;
			sourceTree = "<group>";
		};
		3D650A3E2713480600786786 /* SignUpCell */ = {
			isa = PBXGroup;
			children = (
				3D650A3A2713479B00786786 /* UserTableViewCell.swift */,
				3D650A3B2713479B00786786 /* UserTableViewCell.xib */,
				3D66A4B12717502200221832 /* MembersOfIslamabadTableViewCell.swift */,
				3D66A4B22717502200221832 /* MembersOfIslamabadTableViewCell.xib */,
				3D66A4B5271758F300221832 /* IssuseDateTableViewCell.swift */,
				3D66A4B6271758F300221832 /* IssuseDateTableViewCell.xib */,
				3D66A4B9271759FF00221832 /* HighCourtTableViewCell.swift */,
				3D66A4BA271759FF00221832 /* HighCourtTableViewCell.xib */,
				3D66A4BD27175A8100221832 /* SupremeCourtTableViewCell.swift */,
				3D66A4BE27175A8100221832 /* SupremeCourtTableViewCell.xib */,
				3D66A4C127175B0000221832 /* OfficeAddressTableViewCell.swift */,
				3D66A4C227175B0000221832 /* OfficeAddressTableViewCell.xib */,
			);
			path = SignUpCell;
			sourceTree = "<group>";
		};
		3D650A432714082F00786786 /* BarCouncilVC */ = {
			isa = PBXGroup;
			children = (
				3D650A3F2714082B00786786 /* BarCouncilViewController.swift */,
				3D650A402714082B00786786 /* BarCouncilViewController.xib */,
				3D061BAC2714297000DFCCF8 /* SearchCouncilVC */,
				3D66A4D5271AC9BA00221832 /* PostAnnouncementViewController.swift */,
				3D66A4D6271AC9BA00221832 /* PostAnnouncementViewController.xib */,
				3D66A4D9271AD47600221832 /* AnnouncementModels.swift */,
				3D66A4DB271AD48D00221832 /* AnnouncementServices.swift */,
				3DEB0BEA2720079700E5DE75 /* BarAnnouncementDetailServices.swift */,
			);
			path = BarCouncilVC;
			sourceTree = "<group>";
		};
		3DD92BAF2715E03900C5D0F6 /* ApprovalsVC */ = {
			isa = PBXGroup;
			children = (
				3DD92BAB2715E03200C5D0F6 /* ApprovalViewController.swift */,
				3DD92BAC2715E03200C5D0F6 /* ApprovalViewController.xib */,
				3DD92BB02715EE4A00C5D0F6 /* ApprovalServices.swift */,
				3DD92BB22715EE6000C5D0F6 /* ApprovalRequestModel.swift */,
				3DD92BB42715EE7100C5D0F6 /* ApprovalResponseModel.swift */,
			);
			path = ApprovalsVC;
			sourceTree = "<group>";
		};
		3DDD46522734EB730036CFDC /* CalenderVC */ = {
			isa = PBXGroup;
			children = (
				3D1427002715523400DE03BB /* CalenderViewController.swift */,
				3D1427012715523400DE03BB /* CalenderViewController.xib */,
			);
			path = CalenderVC;
			sourceTree = "<group>";
		};
		3DE933412717264C00B80B7D /* Recovered References */ = {
			isa = PBXGroup;
			children = (
				3DE9333D2716F57D00B80B7D /* UIViewController.swift */,
			);
			name = "Recovered References";
			sourceTree = "<group>";
		};
		B92BFA6F9DAB006D7D3E20B2 /* Frameworks */ = {
			isa = PBXGroup;
			children = (
				30F926E26E8FBA5C427FDA5E /* Pods_LawyerApp.framework */,
			);
			name = Frameworks;
			sourceTree = "<group>";
		};
		C8D4A73C2722F0EC007404E2 /* Cell */ = {
			isa = PBXGroup;
			children = (
				C8D4A73D2722F10C007404E2 /* UIAttachmentCollectionViewCell.swift */,
				C8D4A73E2722F10C007404E2 /* UIAttachmentCollectionViewCell.xib */,
			);
			path = Cell;
			sourceTree = "<group>";
		};
		ECFC89F527E7106A3B7C0D08 /* Pods */ = {
			isa = PBXGroup;
			children = (
				459F46BAF1A03A8A80FA536C /* Pods-LawyerApp.debug.xcconfig */,
				66376A16225B5409B63D5283 /* Pods-LawyerApp.release.xcconfig */,
			);
			path = Pods;
			sourceTree = "<group>";
		};
/* End PBXGroup section */

/* Begin PBXNativeTarget section */
		3D6509B52710A44C00786786 /* LawyerApp */ = {
			isa = PBXNativeTarget;
			buildConfigurationList = 3D6509CA2710A44D00786786 /* Build configuration list for PBXNativeTarget "LawyerApp" */;
			buildPhases = (
				4004FFF2E7F864A1AFB6D11C /* [CP] Check Pods Manifest.lock */,
				3D6509B22710A44C00786786 /* Sources */,
				3D6509B32710A44C00786786 /* Frameworks */,
				3D6509B42710A44C00786786 /* Resources */,
				0D6BB81C003DF4B8137338E0 /* [CP] Embed Pods Frameworks */,
			);
			buildRules = (
			);
			dependencies = (
			);
			name = LawyerApp;
			productName = LawyerApp;
			productReference = 3D6509B62710A44C00786786 /* LawyerApp.app */;
			productType = "com.apple.product-type.application";
		};
/* End PBXNativeTarget section */

/* Begin PBXProject section */
		3D6509AE2710A44B00786786 /* Project object */ = {
			isa = PBXProject;
			attributes = {
				BuildIndependentTargetsInParallel = 1;
				LastSwiftUpdateCheck = 1300;
				LastUpgradeCheck = 1300;
				TargetAttributes = {
					3D6509B52710A44C00786786 = {
						CreatedOnToolsVersion = 13.0;
					};
				};
			};
			buildConfigurationList = 3D6509B12710A44B00786786 /* Build configuration list for PBXProject "LawyerApp" */;
			compatibilityVersion = "Xcode 6.3";
			developmentRegion = en;
			hasScannedForEncodings = 0;
			knownRegions = (
				en,
				Base,
			);
			mainGroup = 3D6509AD2710A44B00786786;
			productRefGroup = 3D6509B72710A44C00786786 /* Products */;
			projectDirPath = "";
			projectRoot = "";
			targets = (
				3D6509B52710A44C00786786 /* LawyerApp */,
			);
		};
/* End PBXProject section */

/* Begin PBXResourcesBuildPhase section */
		3D6509B42710A44C00786786 /* Resources */ = {
			isa = PBXResourcesBuildPhase;
			buildActionMask = 2147483647;
			files = (
				3D650A132712E7B400786786 /* MemberDirectoryViewController.xib in Resources */,
				3D6509D8271196BC00786786 /* SignInViewController.xib in Resources */,
				3D6509FF2712D30100786786 /* PostAQuestionViewController.xib in Resources */,
				3D650A092712E11200786786 /* GeneralAnnouncementTableViewCell.xib in Resources */,
				3D1427032715523400DE03BB /* CalenderViewController.xib in Resources */,
				3D50E408273071F00045F6AA /* UIAttachmentSubViewController.xib in Resources */,
				3D6509C62710A44D00786786 /* LaunchScreen.storyboard in Resources */,
				3D66A4D8271AC9BA00221832 /* PostAnnouncementViewController.xib in Resources */,
				3D6509F02712B51000786786 /* LegalQuestionsAnswersViewController.xib in Resources */,
				3DE5EFF327216B5300A9512A /* EmptyTableViewCell.xib in Resources */,
				3D650A042712DF9500786786 /* GeneralAnnouncementsViewController.xib in Resources */,
				3D66A4C027175A8100221832 /* SupremeCourtTableViewCell.xib in Resources */,
				3D50E409273071F00045F6AA /* UIQuestionDetailTableViewCell.xib in Resources */,
				3D650A3127131B9A00786786 /* SearchFilterViewController.xib in Resources */,
				3D50E406273071F00045F6AA /* UIQuestionAttachmentTableViewCell.xib in Resources */,
				3D650A1D2712EDE100786786 /* MemberNameViewController.xib in Resources */,
				3D650A3D2713479B00786786 /* UserTableViewCell.xib in Resources */,
				3D66A4B42717502200221832 /* MembersOfIslamabadTableViewCell.xib in Resources */,
				3D6509D0271186BA00786786 /* WelcomeToIslamabadViewController.xib in Resources */,
				3D061BAB2714296B00DFCCF8 /* SearchForBarCouncilViewController.xib in Resources */,
				3D6509EC27120DB400786786 /* MenuListTableViewCell.xib in Resources */,
				3D6509C32710A44D00786786 /* Assets.xcassets in Resources */,
				3D650A272712F84900786786 /* OfficialDirectoryTableViewCell.xib in Resources */,
				3D50E401273071F00045F6AA /* UICommentSelectorTableViewCell.xib in Resources */,
				3DE5EFFB27232A8900A9512A /* PostAttachmentViewController.xib in Resources */,
				3D66A4C427175B0000221832 /* OfficeAddressTableViewCell.xib in Resources */,
				3D650A182712E89200786786 /* MemberCollectionViewCell.xib in Resources */,
				3D650A0E2712E5EE00786786 /* AnnouncementViewController.xib in Resources */,
				3D650A222712F6EA00786786 /* OfficialDirectoryViewController.xib in Resources */,
				3D66A4B8271758F300221832 /* IssuseDateTableViewCell.xib in Resources */,
				3D6509C12710A44C00786786 /* Main.storyboard in Resources */,
				3D650A2C2713026800786786 /* ProfileViewController.xib in Resources */,
				3DEB0BE5271EA8DF00E5DE75 /* BiometricTableViewCell.xib in Resources */,
				3DE5EFF72722CE6C00A9512A /* ProfileTableViewCell.xib in Resources */,
				3D6509E727120BF800786786 /* UserNameTableViewCell.xib in Resources */,
				3D650A422714082B00786786 /* BarCouncilViewController.xib in Resources */,
				3D6509FA2712CC3E00786786 /* QuestionAnswerViewController.xib in Resources */,
				3DD92BAE2715E03200C5D0F6 /* ApprovalViewController.xib in Resources */,
				3D50E404273071F00045F6AA /* QueriesTableViewCell.xib in Resources */,
				3D66A4BC271759FF00221832 /* HighCourtTableViewCell.xib in Resources */,
				3D6509F52712BC1C00786786 /* QuestionAnswerTableViewCell.xib in Resources */,
				3D6509DD2711F2AF00786786 /* DashboardViewController.xib in Resources */,
				3D34BD962732A5CD001F61F5 /* UIImageViewController.xib in Resources */,
				3DE5EFEF27213CD600A9512A /* AddOfficialDirectoryViewController.xib in Resources */,
				C8D4A7402722F10C007404E2 /* UIAttachmentCollectionViewCell.xib in Resources */,
				3D650A382713455000786786 /* SignUpViewController.xib in Resources */,
				3D50E40B273071F00045F6AA /* CommentsViewController.xib in Resources */,
				3D6509E227120B1B00786786 /* SideMenuTableViewController.xib in Resources */,
			);
			runOnlyForDeploymentPostprocessing = 0;
		};
/* End PBXResourcesBuildPhase section */

/* Begin PBXShellScriptBuildPhase section */
		0D6BB81C003DF4B8137338E0 /* [CP] Embed Pods Frameworks */ = {
			isa = PBXShellScriptBuildPhase;
			buildActionMask = 2147483647;
			files = (
			);
			inputPaths = (
				"${PODS_ROOT}/Target Support Files/Pods-LawyerApp/Pods-LawyerApp-frameworks.sh",
				"${BUILT_PRODUCTS_DIR}/Alamofire/Alamofire.framework",
				"${BUILT_PRODUCTS_DIR}/DropDown/DropDown.framework",
				"${BUILT_PRODUCTS_DIR}/FSCalendar/FSCalendar.framework",
				"${BUILT_PRODUCTS_DIR}/IQKeyboardManagerSwift/IQKeyboardManagerSwift.framework",
				"${BUILT_PRODUCTS_DIR}/Kingfisher/Kingfisher.framework",
				"${BUILT_PRODUCTS_DIR}/SideMenu/SideMenu.framework",
				"${BUILT_PRODUCTS_DIR}/SteviaLayout/Stevia.framework",
				"${BUILT_PRODUCTS_DIR}/SwiftyJSON/SwiftyJSON.framework",
			);
			name = "[CP] Embed Pods Frameworks";
			outputPaths = (
				"${TARGET_BUILD_DIR}/${FRAMEWORKS_FOLDER_PATH}/Alamofire.framework",
				"${TARGET_BUILD_DIR}/${FRAMEWORKS_FOLDER_PATH}/DropDown.framework",
				"${TARGET_BUILD_DIR}/${FRAMEWORKS_FOLDER_PATH}/FSCalendar.framework",
				"${TARGET_BUILD_DIR}/${FRAMEWORKS_FOLDER_PATH}/IQKeyboardManagerSwift.framework",
				"${TARGET_BUILD_DIR}/${FRAMEWORKS_FOLDER_PATH}/Kingfisher.framework",
				"${TARGET_BUILD_DIR}/${FRAMEWORKS_FOLDER_PATH}/SideMenu.framework",
				"${TARGET_BUILD_DIR}/${FRAMEWORKS_FOLDER_PATH}/Stevia.framework",
				"${TARGET_BUILD_DIR}/${FRAMEWORKS_FOLDER_PATH}/SwiftyJSON.framework",
			);
			runOnlyForDeploymentPostprocessing = 0;
			shellPath = /bin/sh;
			shellScript = "\"${PODS_ROOT}/Target Support Files/Pods-LawyerApp/Pods-LawyerApp-frameworks.sh\"\n";
			showEnvVarsInLog = 0;
		};
		4004FFF2E7F864A1AFB6D11C /* [CP] Check Pods Manifest.lock */ = {
			isa = PBXShellScriptBuildPhase;
			buildActionMask = 2147483647;
			files = (
			);
			inputFileListPaths = (
			);
			inputPaths = (
				"${PODS_PODFILE_DIR_PATH}/Podfile.lock",
				"${PODS_ROOT}/Manifest.lock",
			);
			name = "[CP] Check Pods Manifest.lock";
			outputFileListPaths = (
			);
			outputPaths = (
				"$(DERIVED_FILE_DIR)/Pods-LawyerApp-checkManifestLockResult.txt",
			);
			runOnlyForDeploymentPostprocessing = 0;
			shellPath = /bin/sh;
			shellScript = "diff \"${PODS_PODFILE_DIR_PATH}/Podfile.lock\" \"${PODS_ROOT}/Manifest.lock\" > /dev/null\nif [ $? != 0 ] ; then\n    # print error to STDERR\n    echo \"error: The sandbox is not in sync with the Podfile.lock. Run 'pod install' or update your CocoaPods installation.\" >&2\n    exit 1\nfi\n# This output is used by Xcode 'outputs' to avoid re-running this script phase.\necho \"SUCCESS\" > \"${SCRIPT_OUTPUT_FILE_0}\"\n";
			showEnvVarsInLog = 0;
		};
/* End PBXShellScriptBuildPhase section */

/* Begin PBXSourcesBuildPhase section */
		3D6509B22710A44C00786786 /* Sources */ = {
			isa = PBXSourcesBuildPhase;
			buildActionMask = 2147483647;
			files = (
				3D50E3E627301DF30045F6AA /* QLViewController.swift in Sources */,
				3D66A4B32717502200221832 /* MembersOfIslamabadTableViewCell.swift in Sources */,
				3DD92BAD2715E03200C5D0F6 /* ApprovalViewController.swift in Sources */,
				3DEB0BE7271F47A900E5DE75 /* GetAnnouncementDetailServices.swift in Sources */,
				3D650A212712F6EA00786786 /* OfficialDirectoryViewController.swift in Sources */,
				3D50E403273071F00045F6AA /* QueriesTableViewCell.swift in Sources */,
				3D650A3C2713479B00786786 /* UserTableViewCell.swift in Sources */,
				3D650A122712E7B400786786 /* MemberDirectoryViewController.swift in Sources */,
				3D650A1C2712EDE100786786 /* MemberNameViewController.swift in Sources */,
				3D66A4D7271AC9BA00221832 /* PostAnnouncementViewController.swift in Sources */,
				3D6509FE2712D30100786786 /* PostAQuestionViewController.swift in Sources */,
				3DE5EFF62722CE6C00A9512A /* ProfileTableViewCell.swift in Sources */,
				3D66A4D02719B0DA00221832 /* QuestionRequestModel.swift in Sources */,
				3D650A3027131B9A00786786 /* SearchFilterViewController.swift in Sources */,
				3D50E405273071F00045F6AA /* UIQuestionDetailTableViewCell.swift in Sources */,
				3D061BAA2714296B00DFCCF8 /* SearchForBarCouncilViewController.swift in Sources */,
				3D34BD952732A5CD001F61F5 /* UIImageViewController.swift in Sources */,
				3D650A342713252F00786786 /* UIButton.swift in Sources */,
				3D50E3E92730466E0045F6AA /* AbusiveWordModels.swift in Sources */,
				3D1426F12714783D00DE03BB /* BaseService.swift in Sources */,
				3D66A4E4271C0C2800221832 /* NetworkConectionModel.swift in Sources */,
				3D66A4C327175B0000221832 /* OfficeAddressTableViewCell.swift in Sources */,
				3D66A4DA271AD47600221832 /* AnnouncementModels.swift in Sources */,
				3D1426F5271483B400DE03BB /* SignUpServices.swift in Sources */,
				3D36AD142726D73E00DFD509 /* Constant.swift in Sources */,
				3D6509D427118FAF00786786 /* UIView.swift in Sources */,
				3D6509F92712CC3E00786786 /* QuestionAnswerViewController.swift in Sources */,
				3D650A262712F84900786786 /* OfficialDirectoryTableViewCell.swift in Sources */,
				3D50E3E4273005CC0045F6AA /* AVSpeechSynthesizer+Shared.swift in Sources */,
				3DEB0BEB2720079700E5DE75 /* BarAnnouncementDetailServices.swift in Sources */,
				3D1426FB2714905D00DE03BB /* SignInResponseModel.swift in Sources */,
				3D66A4E0271B14ED00221832 /* GeneralAnnouncementServices.swift in Sources */,
				3DE5EFEB272137C200A9512A /* OfficialDirectoryServices.swift in Sources */,
				3D6509F42712BC1C00786786 /* QuestionAnswerTableViewCell.swift in Sources */,
				3D50E400273071F00045F6AA /* CommentsViewController.swift in Sources */,
				3DE933402716F5D300B80B7D /* SpinnerViewController.swift in Sources */,
				3D50E3FF273071F00045F6AA /* QuestionareServices.swift in Sources */,
				3D66A4DC271AD48D00221832 /* AnnouncementServices.swift in Sources */,
				3D66A4CA2719951C00221832 /* MemberDirectoryModels.swift in Sources */,
				3DD92BB32715EE6000C5D0F6 /* ApprovalRequestModel.swift in Sources */,
				3D650A032712DF9500786786 /* GeneralAnnouncementsViewController.swift in Sources */,
				3D650A0D2712E5EE00786786 /* AnnouncementViewController.swift in Sources */,
				3D66A4D42719CBDC00221832 /* PostQuestionsServices.swift in Sources */,
				3DD92BB12715EE4A00C5D0F6 /* ApprovalServices.swift in Sources */,
				3DE5EFE9272134BF00A9512A /* OfficialDirectoryModels.swift in Sources */,
				3D6509E627120BF800786786 /* UserNameTableViewCell.swift in Sources */,
				3D6509EB27120DB400786786 /* MenuListTableViewCell.swift in Sources */,
				3D6509DC2711F2AF00786786 /* DashboardViewController.swift in Sources */,
				3D1427022715523400DE03BB /* CalenderViewController.swift in Sources */,
				3D6509BE2710A44C00786786 /* ViewController.swift in Sources */,
				3D6509D7271196BC00786786 /* SignInViewController.swift in Sources */,
				3D650A2B2713026800786786 /* ProfileViewController.swift in Sources */,
				3DE5EFFA27232A8900A9512A /* PostAttachmentViewController.swift in Sources */,
				3DE9333C2716E18F00B80B7D /* GenericResponseModel.swift in Sources */,
				3D1426F327147D3000DE03BB /* SignUpRequestModel.swift in Sources */,
				3DDD4654273516690036CFDC /* LoadMoreActivityIndicator.swift in Sources */,
				3DE93343271726A800B80B7D /* UIViewController.swift in Sources */,
				3D66A4BB271759FF00221832 /* HighCourtTableViewCell.swift in Sources */,
				C8D4A73F2722F10C007404E2 /* UIAttachmentCollectionViewCell.swift in Sources */,
				3D66A4E8271D5CF300221832 /* DateTimePicker.swift in Sources */,
				3D650A172712E89200786786 /* MemberCollectionViewCell.swift in Sources */,
				3D6509CF271186BA00786786 /* WelcomeToIslamabadViewController.swift in Sources */,
				3D6509BA2710A44C00786786 /* AppDelegate.swift in Sources */,
				3D650A412714082B00786786 /* BarCouncilViewController.swift in Sources */,
				3DEB0BE4271EA8DF00E5DE75 /* BiometricTableViewCell.swift in Sources */,
				3DEB0BED27200DAE00E5DE75 /* ProfileModels.swift in Sources */,
				3DA403D4272F020A00E88E3B /* URL.swift in Sources */,
				3DE5EFF227216B5300A9512A /* EmptyTableViewCell.swift in Sources */,
				3D66A4BF27175A8100221832 /* SupremeCourtTableViewCell.swift in Sources */,
				3DEB0BE92720032800E5DE75 /* Date.swift in Sources */,
				3D66A4B7271758F300221832 /* IssuseDateTableViewCell.swift in Sources */,
				3DD92BB727160A5D00C5D0F6 /* Generic.swift in Sources */,
				3D50E3E2272FF57E0045F6AA /* SelectableLabel.swift in Sources */,
				3D650A082712E11200786786 /* GeneralAnnouncementTableViewCell.swift in Sources */,
				3D50E40A273071F00045F6AA /* UIQuestionAttachmentTableViewCell.swift in Sources */,
				3D6509E127120B1B00786786 /* SideMenuTableViewController.swift in Sources */,
				3DD92BB52715EE7100C5D0F6 /* ApprovalResponseModel.swift in Sources */,
				3D1426F92714903E00DE03BB /* SignInRequestModel.swift in Sources */,
				3D1426F72714902200DE03BB /* SignUpResponseModel.swift in Sources */,
				3D50E402273071F00045F6AA /* UIAttachmentSubViewController.swift in Sources */,
				3D650A372713455000786786 /* SignUpViewController.swift in Sources */,
				C8D4A7432722F505007404E2 /* ExtensionUIView.swift in Sources */,
				3D50E407273071F00045F6AA /* UICommentSelectorTableViewCell.swift in Sources */,
				3DE5EFEE27213CD600A9512A /* AddOfficialDirectoryViewController.swift in Sources */,
				3D66A4DE271B140600221832 /* GeneralAnnouncementRequestModel.swift in Sources */,
				3D6509EF2712B51000786786 /* LegalQuestionsAnswersViewController.swift in Sources */,
				3D1426FD2714907A00DE03BB /* SignInServices.swift in Sources */,
				3D66A4E6271C83E000221832 /* UIString.swift in Sources */,
				3D66A4D22719B68700221832 /* QuestionServices.swift in Sources */,
				3D66A4C827197D8700221832 /* LocalAuth.swift in Sources */,
				3D1426FF2715520700DE03BB /* CalenderView.swift in Sources */,
				3D50E3FE273071F00045F6AA /* QuestionareModels.swift in Sources */,
				3DEB0BEF272011BB00E5DE75 /* ProfileServices.swift in Sources */,
				3D66A4E2271C049600221832 /* BiometricsManager.swift in Sources */,
				3D66A4C6271965C100221832 /* Validate.swift in Sources */,
				3D50E3EB273048540045F6AA /* AbuseWordServices.swift in Sources */,
			);
			runOnlyForDeploymentPostprocessing = 0;
		};
/* End PBXSourcesBuildPhase section */

/* Begin PBXVariantGroup section */
		3D6509BF2710A44C00786786 /* Main.storyboard */ = {
			isa = PBXVariantGroup;
			children = (
				3D6509C02710A44C00786786 /* Base */,
			);
			name = Main.storyboard;
			sourceTree = "<group>";
		};
		3D6509C42710A44D00786786 /* LaunchScreen.storyboard */ = {
			isa = PBXVariantGroup;
			children = (
				3D6509C52710A44D00786786 /* Base */,
			);
			name = LaunchScreen.storyboard;
			sourceTree = "<group>";
		};
/* End PBXVariantGroup section */

/* Begin XCBuildConfiguration section */
		3D6509C82710A44D00786786 /* Debug */ = {
			isa = XCBuildConfiguration;
			buildSettings = {
				ALWAYS_SEARCH_USER_PATHS = NO;
				CLANG_ANALYZER_NONNULL = YES;
				CLANG_ANALYZER_NUMBER_OBJECT_CONVERSION = YES_AGGRESSIVE;
				CLANG_CXX_LANGUAGE_STANDARD = "gnu++17";
				CLANG_CXX_LIBRARY = "libc++";
				CLANG_ENABLE_MODULES = YES;
				CLANG_ENABLE_OBJC_ARC = YES;
				CLANG_ENABLE_OBJC_WEAK = YES;
				CLANG_WARN_BLOCK_CAPTURE_AUTORELEASING = YES;
				CLANG_WARN_BOOL_CONVERSION = YES;
				CLANG_WARN_COMMA = YES;
				CLANG_WARN_CONSTANT_CONVERSION = YES;
				CLANG_WARN_DEPRECATED_OBJC_IMPLEMENTATIONS = YES;
				CLANG_WARN_DIRECT_OBJC_ISA_USAGE = YES_ERROR;
				CLANG_WARN_DOCUMENTATION_COMMENTS = YES;
				CLANG_WARN_EMPTY_BODY = YES;
				CLANG_WARN_ENUM_CONVERSION = YES;
				CLANG_WARN_INFINITE_RECURSION = YES;
				CLANG_WARN_INT_CONVERSION = YES;
				CLANG_WARN_NON_LITERAL_NULL_CONVERSION = YES;
				CLANG_WARN_OBJC_IMPLICIT_RETAIN_SELF = YES;
				CLANG_WARN_OBJC_LITERAL_CONVERSION = YES;
				CLANG_WARN_OBJC_ROOT_CLASS = YES_ERROR;
				CLANG_WARN_QUOTED_INCLUDE_IN_FRAMEWORK_HEADER = YES;
				CLANG_WARN_RANGE_LOOP_ANALYSIS = YES;
				CLANG_WARN_STRICT_PROTOTYPES = YES;
				CLANG_WARN_SUSPICIOUS_MOVE = YES;
				CLANG_WARN_UNGUARDED_AVAILABILITY = YES_AGGRESSIVE;
				CLANG_WARN_UNREACHABLE_CODE = YES;
				CLANG_WARN__DUPLICATE_METHOD_MATCH = YES;
				COPY_PHASE_STRIP = NO;
				DEBUG_INFORMATION_FORMAT = dwarf;
				ENABLE_STRICT_OBJC_MSGSEND = YES;
				ENABLE_TESTABILITY = YES;
				GCC_C_LANGUAGE_STANDARD = gnu11;
				GCC_DYNAMIC_NO_PIC = NO;
				GCC_NO_COMMON_BLOCKS = YES;
				GCC_OPTIMIZATION_LEVEL = 0;
				GCC_PREPROCESSOR_DEFINITIONS = (
					"DEBUG=1",
					"$(inherited)",
				);
				GCC_WARN_64_TO_32_BIT_CONVERSION = YES;
				GCC_WARN_ABOUT_RETURN_TYPE = YES_ERROR;
				GCC_WARN_UNDECLARED_SELECTOR = YES;
				GCC_WARN_UNINITIALIZED_AUTOS = YES_AGGRESSIVE;
				GCC_WARN_UNUSED_FUNCTION = YES;
				GCC_WARN_UNUSED_VARIABLE = YES;
				IPHONEOS_DEPLOYMENT_TARGET = 15.0;
				MTL_ENABLE_DEBUG_INFO = INCLUDE_SOURCE;
				MTL_FAST_MATH = YES;
				ONLY_ACTIVE_ARCH = YES;
				SDKROOT = iphoneos;
				SWIFT_ACTIVE_COMPILATION_CONDITIONS = DEBUG;
				SWIFT_OPTIMIZATION_LEVEL = "-Onone";
			};
			name = Debug;
		};
		3D6509C92710A44D00786786 /* Release */ = {
			isa = XCBuildConfiguration;
			buildSettings = {
				ALWAYS_SEARCH_USER_PATHS = NO;
				CLANG_ANALYZER_NONNULL = YES;
				CLANG_ANALYZER_NUMBER_OBJECT_CONVERSION = YES_AGGRESSIVE;
				CLANG_CXX_LANGUAGE_STANDARD = "gnu++17";
				CLANG_CXX_LIBRARY = "libc++";
				CLANG_ENABLE_MODULES = YES;
				CLANG_ENABLE_OBJC_ARC = YES;
				CLANG_ENABLE_OBJC_WEAK = YES;
				CLANG_WARN_BLOCK_CAPTURE_AUTORELEASING = YES;
				CLANG_WARN_BOOL_CONVERSION = YES;
				CLANG_WARN_COMMA = YES;
				CLANG_WARN_CONSTANT_CONVERSION = YES;
				CLANG_WARN_DEPRECATED_OBJC_IMPLEMENTATIONS = YES;
				CLANG_WARN_DIRECT_OBJC_ISA_USAGE = YES_ERROR;
				CLANG_WARN_DOCUMENTATION_COMMENTS = YES;
				CLANG_WARN_EMPTY_BODY = YES;
				CLANG_WARN_ENUM_CONVERSION = YES;
				CLANG_WARN_INFINITE_RECURSION = YES;
				CLANG_WARN_INT_CONVERSION = YES;
				CLANG_WARN_NON_LITERAL_NULL_CONVERSION = YES;
				CLANG_WARN_OBJC_IMPLICIT_RETAIN_SELF = YES;
				CLANG_WARN_OBJC_LITERAL_CONVERSION = YES;
				CLANG_WARN_OBJC_ROOT_CLASS = YES_ERROR;
				CLANG_WARN_QUOTED_INCLUDE_IN_FRAMEWORK_HEADER = YES;
				CLANG_WARN_RANGE_LOOP_ANALYSIS = YES;
				CLANG_WARN_STRICT_PROTOTYPES = YES;
				CLANG_WARN_SUSPICIOUS_MOVE = YES;
				CLANG_WARN_UNGUARDED_AVAILABILITY = YES_AGGRESSIVE;
				CLANG_WARN_UNREACHABLE_CODE = YES;
				CLANG_WARN__DUPLICATE_METHOD_MATCH = YES;
				COPY_PHASE_STRIP = NO;
				DEBUG_INFORMATION_FORMAT = "dwarf-with-dsym";
				ENABLE_NS_ASSERTIONS = NO;
				ENABLE_STRICT_OBJC_MSGSEND = YES;
				GCC_C_LANGUAGE_STANDARD = gnu11;
				GCC_NO_COMMON_BLOCKS = YES;
				GCC_WARN_64_TO_32_BIT_CONVERSION = YES;
				GCC_WARN_ABOUT_RETURN_TYPE = YES_ERROR;
				GCC_WARN_UNDECLARED_SELECTOR = YES;
				GCC_WARN_UNINITIALIZED_AUTOS = YES_AGGRESSIVE;
				GCC_WARN_UNUSED_FUNCTION = YES;
				GCC_WARN_UNUSED_VARIABLE = YES;
				IPHONEOS_DEPLOYMENT_TARGET = 15.0;
				MTL_ENABLE_DEBUG_INFO = NO;
				MTL_FAST_MATH = YES;
				SDKROOT = iphoneos;
				SWIFT_COMPILATION_MODE = wholemodule;
				SWIFT_OPTIMIZATION_LEVEL = "-O";
				VALIDATE_PRODUCT = YES;
			};
			name = Release;
		};
		3D6509CB2710A44D00786786 /* Debug */ = {
			isa = XCBuildConfiguration;
			baseConfigurationReference = 459F46BAF1A03A8A80FA536C /* Pods-LawyerApp.debug.xcconfig */;
			buildSettings = {
				ASSETCATALOG_COMPILER_APPICON_NAME = AppIcon;
				ASSETCATALOG_COMPILER_GLOBAL_ACCENT_COLOR_NAME = AccentColor;
				CODE_SIGN_STYLE = Automatic;
				CURRENT_PROJECT_VERSION = 1;
				DEVELOPMENT_TEAM = 3RX4E9DU8W;
				GENERATE_INFOPLIST_FILE = YES;
				INFOPLIST_FILE = LawyerApp/Info.plist;
				INFOPLIST_KEY_CFBundleDisplayName = ISBBarCouncil;
				INFOPLIST_KEY_LSSupportsOpeningDocumentsInPlace = YES;
				INFOPLIST_KEY_NSCameraUsageDescription = "Requires access to the camera";
				INFOPLIST_KEY_NSMicrophoneUsageDescription = "Requires access to the microphone";
				INFOPLIST_KEY_NSPhotoLibraryAddUsageDescription = "Please allow access to save photo in your photo library";
				INFOPLIST_KEY_UIApplicationSupportsIndirectInputEvents = YES;
				INFOPLIST_KEY_UILaunchStoryboardName = LaunchScreen;
				INFOPLIST_KEY_UIMainStoryboardFile = Main;
				INFOPLIST_KEY_UISupportedInterfaceOrientations = UIInterfaceOrientationPortrait;
				INFOPLIST_KEY_UISupportedInterfaceOrientations_iPad = "UIInterfaceOrientationPortrait UIInterfaceOrientationPortraitUpsideDown UIInterfaceOrientationLandscapeLeft UIInterfaceOrientationLandscapeRight";
				INFOPLIST_KEY_UISupportedInterfaceOrientations_iPhone = "UIInterfaceOrientationPortrait UIInterfaceOrientationLandscapeLeft UIInterfaceOrientationLandscapeRight";
				IPHONEOS_DEPLOYMENT_TARGET = 13.4;
				LD_RUNPATH_SEARCH_PATHS = (
					"$(inherited)",
					"@executable_path/Frameworks",
				);
				MARKETING_VERSION = 1.0;
				PRODUCT_BUNDLE_IDENTIFIER = "Aksa-SDS.LawyerApp";
				PRODUCT_NAME = "$(TARGET_NAME)";
				SWIFT_EMIT_LOC_STRINGS = YES;
				SWIFT_VERSION = 5.0;
				TARGETED_DEVICE_FAMILY = 1;
			};
			name = Debug;
		};
		3D6509CC2710A44D00786786 /* Release */ = {
			isa = XCBuildConfiguration;
			baseConfigurationReference = 66376A16225B5409B63D5283 /* Pods-LawyerApp.release.xcconfig */;
			buildSettings = {
				ASSETCATALOG_COMPILER_APPICON_NAME = AppIcon;
				ASSETCATALOG_COMPILER_GLOBAL_ACCENT_COLOR_NAME = AccentColor;
				CODE_SIGN_STYLE = Automatic;
				CURRENT_PROJECT_VERSION = 1;
				DEVELOPMENT_TEAM = 3RX4E9DU8W;
				GENERATE_INFOPLIST_FILE = YES;
				INFOPLIST_FILE = LawyerApp/Info.plist;
				INFOPLIST_KEY_CFBundleDisplayName = ISBBarCouncil;
				INFOPLIST_KEY_LSSupportsOpeningDocumentsInPlace = YES;
				INFOPLIST_KEY_NSCameraUsageDescription = "Requires access to the camera";
				INFOPLIST_KEY_NSMicrophoneUsageDescription = "Requires access to the microphone";
				INFOPLIST_KEY_NSPhotoLibraryAddUsageDescription = "Please allow access to save photo in your photo library";
				INFOPLIST_KEY_UIApplicationSupportsIndirectInputEvents = YES;
				INFOPLIST_KEY_UILaunchStoryboardName = LaunchScreen;
				INFOPLIST_KEY_UIMainStoryboardFile = Main;
				INFOPLIST_KEY_UISupportedInterfaceOrientations = UIInterfaceOrientationPortrait;
				INFOPLIST_KEY_UISupportedInterfaceOrientations_iPad = "UIInterfaceOrientationPortrait UIInterfaceOrientationPortraitUpsideDown UIInterfaceOrientationLandscapeLeft UIInterfaceOrientationLandscapeRight";
				INFOPLIST_KEY_UISupportedInterfaceOrientations_iPhone = "UIInterfaceOrientationPortrait UIInterfaceOrientationLandscapeLeft UIInterfaceOrientationLandscapeRight";
				IPHONEOS_DEPLOYMENT_TARGET = 13.4;
				LD_RUNPATH_SEARCH_PATHS = (
					"$(inherited)",
					"@executable_path/Frameworks",
				);
				MARKETING_VERSION = 1.0;
				PRODUCT_BUNDLE_IDENTIFIER = "Aksa-SDS.LawyerApp";
				PRODUCT_NAME = "$(TARGET_NAME)";
				SWIFT_EMIT_LOC_STRINGS = YES;
				SWIFT_VERSION = 5.0;
				TARGETED_DEVICE_FAMILY = 1;
			};
			name = Release;
		};
/* End XCBuildConfiguration section */

/* Begin XCConfigurationList section */
		3D6509B12710A44B00786786 /* Build configuration list for PBXProject "LawyerApp" */ = {
			isa = XCConfigurationList;
			buildConfigurations = (
				3D6509C82710A44D00786786 /* Debug */,
				3D6509C92710A44D00786786 /* Release */,
			);
			defaultConfigurationIsVisible = 0;
			defaultConfigurationName = Release;
		};
		3D6509CA2710A44D00786786 /* Build configuration list for PBXNativeTarget "LawyerApp" */ = {
			isa = XCConfigurationList;
			buildConfigurations = (
				3D6509CB2710A44D00786786 /* Debug */,
				3D6509CC2710A44D00786786 /* Release */,
			);
			defaultConfigurationIsVisible = 0;
			defaultConfigurationName = Release;
		};
/* End XCConfigurationList section */
	};
	rootObject = 3D6509AE2710A44B00786786 /* Project object */;
}
